// !$*UTF8*$!
{
	archiveVersion = 1;
	classes = {
	};
	objectVersion = 52;
	objects = {

/* Begin PBXBuildFile section */
		325C240A266BA1FF009E4E07 /* AppDelegate.swift in Sources */ = {isa = PBXBuildFile; fileRef = 325C2409266BA1FF009E4E07 /* AppDelegate.swift */; };
		325C240C266BA1FF009E4E07 /* SceneDelegate.swift in Sources */ = {isa = PBXBuildFile; fileRef = 325C240B266BA1FF009E4E07 /* SceneDelegate.swift */; };
		325C240E266BA1FF009E4E07 /* AlarmViewController.swift in Sources */ = {isa = PBXBuildFile; fileRef = 325C240D266BA1FF009E4E07 /* AlarmViewController.swift */; };
		325C2413266BA205009E4E07 /* Assets.xcassets in Resources */ = {isa = PBXBuildFile; fileRef = 325C2412266BA205009E4E07 /* Assets.xcassets */; };
		325C2416266BA205009E4E07 /* LaunchScreen.storyboard in Resources */ = {isa = PBXBuildFile; fileRef = 325C2414266BA205009E4E07 /* LaunchScreen.storyboard */; };
		325C241F266BA287009E4E07 /* WorldClockViewController.swift in Sources */ = {isa = PBXBuildFile; fileRef = 325C241E266BA287009E4E07 /* WorldClockViewController.swift */; };
		325C2421266BA293009E4E07 /* TimerViewController.swift in Sources */ = {isa = PBXBuildFile; fileRef = 325C2420266BA293009E4E07 /* TimerViewController.swift */; };
		325C2423266BA2B0009E4E07 /* StopWatchViewController.swift in Sources */ = {isa = PBXBuildFile; fileRef = 325C2422266BA2B0009E4E07 /* StopWatchViewController.swift */; };
		327D6F552677A4C50090A3ED /* MainTableViewCell.swift in Sources */ = {isa = PBXBuildFile; fileRef = 327D6F532677A4C50090A3ED /* MainTableViewCell.swift */; };
		327D6F562677A4C50090A3ED /* MainTableViewCell.xib in Resources */ = {isa = PBXBuildFile; fileRef = 327D6F542677A4C50090A3ED /* MainTableViewCell.xib */; };
		327D6F5B2677C1F70090A3ED /* CountryTableViewCell.swift in Sources */ = {isa = PBXBuildFile; fileRef = 327D6F592677C1F70090A3ED /* CountryTableViewCell.swift */; };
		327D6F5C2677C1F70090A3ED /* CountryTableViewCell.xib in Resources */ = {isa = PBXBuildFile; fileRef = 327D6F5A2677C1F70090A3ED /* CountryTableViewCell.xib */; };
		32C59EED266FB75100CA6D68 /* TimerExtension.swift in Sources */ = {isa = PBXBuildFile; fileRef = 32C59EEC266FB75100CA6D68 /* TimerExtension.swift */; };
		32C59EF3266FD61D00CA6D68 /* SecondAlarmViewController.swift in Sources */ = {isa = PBXBuildFile; fileRef = 32C59EF2266FD61D00CA6D68 /* SecondAlarmViewController.swift */; };
		32D4BC2F267404F100A36F46 /* TimeTableViewCell.swift in Sources */ = {isa = PBXBuildFile; fileRef = 32D4BC2E267404F100A36F46 /* TimeTableViewCell.swift */; };
		32D4BC31267404FE00A36F46 /* RepeatTableViewCell.swift in Sources */ = {isa = PBXBuildFile; fileRef = 32D4BC30267404FE00A36F46 /* RepeatTableViewCell.swift */; };
		32D4BC332674050D00A36F46 /* LabelTableViewCell.swift in Sources */ = {isa = PBXBuildFile; fileRef = 32D4BC322674050D00A36F46 /* LabelTableViewCell.swift */; };
		32D4BC352674051800A36F46 /* SoundTableViewCell.swift in Sources */ = {isa = PBXBuildFile; fileRef = 32D4BC342674051800A36F46 /* SoundTableViewCell.swift */; };
		32D4BC372674052C00A36F46 /* SnoozeTableViewCell.swift in Sources */ = {isa = PBXBuildFile; fileRef = 32D4BC362674052C00A36F46 /* SnoozeTableViewCell.swift */; };
		32D4BC4026740F0700A36F46 /* SoundTableViewCell.storyboard in Resources */ = {isa = PBXBuildFile; fileRef = 32D4BC3F26740F0700A36F46 /* SoundTableViewCell.storyboard */; };
		32D4BC4226740F1500A36F46 /* LabelTableViewCell.storyboard in Resources */ = {isa = PBXBuildFile; fileRef = 32D4BC4126740F1500A36F46 /* LabelTableViewCell.storyboard */; };
		32D4BC4A26740FC900A36F46 /* RepeatTableViewController.swift in Sources */ = {isa = PBXBuildFile; fileRef = 32D4BC4926740FC900A36F46 /* RepeatTableViewController.swift */; };
		32D4BC4C26740FE200A36F46 /* LabelTableViewController.swift in Sources */ = {isa = PBXBuildFile; fileRef = 32D4BC4B26740FE200A36F46 /* LabelTableViewController.swift */; };
		32D4BC4E26740FF400A36F46 /* SoundTableViewController.swift in Sources */ = {isa = PBXBuildFile; fileRef = 32D4BC4D26740FF400A36F46 /* SoundTableViewController.swift */; };
		32D4BC522674E94400A36F46 /* StopwatchTableViewCell.swift in Sources */ = {isa = PBXBuildFile; fileRef = 32D4BC512674E94400A36F46 /* StopwatchTableViewCell.swift */; };
		32D4BC5526750BAD00A36F46 /* CountriesManager.swift in Sources */ = {isa = PBXBuildFile; fileRef = 32D4BC5426750BAD00A36F46 /* CountriesManager.swift */; };
		32D4BC5826750BDF00A36F46 /* Country.swift in Sources */ = {isa = PBXBuildFile; fileRef = 32D4BC5726750BDF00A36F46 /* Country.swift */; };
		32D4BC5F26750CC000A36F46 /* NetworkManager.swift in Sources */ = {isa = PBXBuildFile; fileRef = 32D4BC5E26750CC000A36F46 /* NetworkManager.swift */; };
		32D4BC6326750CE400A36F46 /* UITableViewCell+Extension.swift in Sources */ = {isa = PBXBuildFile; fileRef = 32D4BC6026750CE400A36F46 /* UITableViewCell+Extension.swift */; };
		32D4BC6426750CE400A36F46 /* UITableView+Extensions.swift in Sources */ = {isa = PBXBuildFile; fileRef = 32D4BC6126750CE400A36F46 /* UITableView+Extensions.swift */; };
		32D4BC6526750CE400A36F46 /* UIColor+Extension.swift in Sources */ = {isa = PBXBuildFile; fileRef = 32D4BC6226750CE400A36F46 /* UIColor+Extension.swift */; };
		32D4BC722675101400A36F46 /* CountriesListViewModel.swift in Sources */ = {isa = PBXBuildFile; fileRef = 32D4BC6F2675101400A36F46 /* CountriesListViewModel.swift */; };
		32D4BC732675101400A36F46 /* CountryViewModel.swift in Sources */ = {isa = PBXBuildFile; fileRef = 32D4BC702675101400A36F46 /* CountryViewModel.swift */; };
		32D4BC742675101400A36F46 /* CountriesDataSource.swift in Sources */ = {isa = PBXBuildFile; fileRef = 32D4BC712675101400A36F46 /* CountriesDataSource.swift */; };
		32D4BC792676239600A36F46 /* SecondTimerViewController.storyboard in Resources */ = {isa = PBXBuildFile; fileRef = 32D4BC782676239600A36F46 /* SecondTimerViewController.storyboard */; };
		32E8FAAE26AF168D00C4CC6E /* HourlyCollectionCell.swift in Sources */ = {isa = PBXBuildFile; fileRef = 32E8FAAC26AF168D00C4CC6E /* HourlyCollectionCell.swift */; };
		32E8FAAF26AF168D00C4CC6E /* HourlyCollectionCell.xib in Resources */ = {isa = PBXBuildFile; fileRef = 32E8FAAD26AF168D00C4CC6E /* HourlyCollectionCell.xib */; };
		32F2C39526A086F7000BDC24 /* WorldClockViewController.storyboard in Resources */ = {isa = PBXBuildFile; fileRef = 32F2C39426A086F7000BDC24 /* WorldClockViewController.storyboard */; };
		32F2C39726A0879D000BDC24 /* AlarmViewController.storyboard in Resources */ = {isa = PBXBuildFile; fileRef = 32F2C39626A0879D000BDC24 /* AlarmViewController.storyboard */; };
		32F2C39926A087DE000BDC24 /* SecondAlarmViewController.storyboard in Resources */ = {isa = PBXBuildFile; fileRef = 32F2C39826A087DE000BDC24 /* SecondAlarmViewController.storyboard */; };
		32F2C39B26A08B67000BDC24 /* StopWatchViewController.storyboard in Resources */ = {isa = PBXBuildFile; fileRef = 32F2C39A26A08B67000BDC24 /* StopWatchViewController.storyboard */; };
		32F2C39D26A08BD0000BDC24 /* TimerViewController.storyboard in Resources */ = {isa = PBXBuildFile; fileRef = 32F2C39C26A08BD0000BDC24 /* TimerViewController.storyboard */; };
		32F2C3A326A0A72E000BDC24 /* Storyboarded.swift in Sources */ = {isa = PBXBuildFile; fileRef = 32F2C39F26A0A72E000BDC24 /* Storyboarded.swift */; };
		32F2C3A426A0A72E000BDC24 /* AppCoordinator.swift in Sources */ = {isa = PBXBuildFile; fileRef = 32F2C3A026A0A72E000BDC24 /* AppCoordinator.swift */; };
		32F2C3A526A0A72E000BDC24 /* CoordinatorProtocol.swift in Sources */ = {isa = PBXBuildFile; fileRef = 32F2C3A126A0A72E000BDC24 /* CoordinatorProtocol.swift */; };
		32F2C3A626A0A72E000BDC24 /* CoordinatorDelegate.swift in Sources */ = {isa = PBXBuildFile; fileRef = 32F2C3A226A0A72E000BDC24 /* CoordinatorDelegate.swift */; };
		32F2C3A926A0A8DE000BDC24 /* BaseViewController.swift in Sources */ = {isa = PBXBuildFile; fileRef = 32F2C3A826A0A8DE000BDC24 /* BaseViewController.swift */; };
		32F2C3AF26A1D911000BDC24 /* MainTabBarViewController.swift in Sources */ = {isa = PBXBuildFile; fileRef = 32F2C3AE26A1D911000BDC24 /* MainTabBarViewController.swift */; };
		32F2C3B126A1D926000BDC24 /* MainTabBarViewController.storyboard in Resources */ = {isa = PBXBuildFile; fileRef = 32F2C3B026A1D926000BDC24 /* MainTabBarViewController.storyboard */; };
		32F2C3B726A3F3C0000BDC24 /* WorldClockCoordinator.swift in Sources */ = {isa = PBXBuildFile; fileRef = 32F2C3B626A3F3C0000BDC24 /* WorldClockCoordinator.swift */; };
		32F2C3B926A3F46E000BDC24 /* AlarmClockCoordinator.swift in Sources */ = {isa = PBXBuildFile; fileRef = 32F2C3B826A3F46E000BDC24 /* AlarmClockCoordinator.swift */; };
		32F2C3BC26A3F4D9000BDC24 /* StopWatchCoordinator.swift in Sources */ = {isa = PBXBuildFile; fileRef = 32F2C3BB26A3F4D9000BDC24 /* StopWatchCoordinator.swift */; };
		32F2C3BE26A3F520000BDC24 /* TimerCoordinator.swift in Sources */ = {isa = PBXBuildFile; fileRef = 32F2C3BD26A3F520000BDC24 /* TimerCoordinator.swift */; };
		32F2C3C426A43450000BDC24 /* CovidViewController.swift in Sources */ = {isa = PBXBuildFile; fileRef = 32F2C3C326A43450000BDC24 /* CovidViewController.swift */; };
		32F2C3C626A4345F000BDC24 /* CovidViewController.storyboard in Resources */ = {isa = PBXBuildFile; fileRef = 32F2C3C526A4345F000BDC24 /* CovidViewController.storyboard */; };
		32F2C3CA26A43564000BDC24 /* Covid.swift in Sources */ = {isa = PBXBuildFile; fileRef = 32F2C3C926A43564000BDC24 /* Covid.swift */; };
		32F2C3CD26A4370A000BDC24 /* CovidResponse.swift in Sources */ = {isa = PBXBuildFile; fileRef = 32F2C3CC26A4370A000BDC24 /* CovidResponse.swift */; };
		32F2C3D126A43971000BDC24 /* CovidManager.swift in Sources */ = {isa = PBXBuildFile; fileRef = 32F2C3D026A43971000BDC24 /* CovidManager.swift */; };
		32F2C3D426A57FF6000BDC24 /* CovidViewModel.swift in Sources */ = {isa = PBXBuildFile; fileRef = 32F2C3D326A57FF6000BDC24 /* CovidViewModel.swift */; };
		32F2C3D926A5D1AA000BDC24 /* AlarmViewModel.swift in Sources */ = {isa = PBXBuildFile; fileRef = 32F2C3D826A5D1AA000BDC24 /* AlarmViewModel.swift */; };
		32F2C3DB26A5D1B7000BDC24 /* AlarmDataSource.swift in Sources */ = {isa = PBXBuildFile; fileRef = 32F2C3DA26A5D1B7000BDC24 /* AlarmDataSource.swift */; };
		32F2C3DE26A60A4D000BDC24 /* CALayer.swift in Sources */ = {isa = PBXBuildFile; fileRef = 32F2C3DD26A60A4D000BDC24 /* CALayer.swift */; };
		32F2C3E026A60A94000BDC24 /* Variables.swift in Sources */ = {isa = PBXBuildFile; fileRef = 32F2C3DF26A60A94000BDC24 /* Variables.swift */; };
		32F2C3E226A60AB4000BDC24 /* TimeInterval+Calendar.swift in Sources */ = {isa = PBXBuildFile; fileRef = 32F2C3E126A60AB4000BDC24 /* TimeInterval+Calendar.swift */; };
		32F2C3E426A60AE7000BDC24 /* Vibration.swift in Sources */ = {isa = PBXBuildFile; fileRef = 32F2C3E326A60AE7000BDC24 /* Vibration.swift */; };
		32F2C3EA26A73BA2000BDC24 /* CovidAttributes.swift in Sources */ = {isa = PBXBuildFile; fileRef = 32F2C3E926A73BA2000BDC24 /* CovidAttributes.swift */; };
		32F2C3EF26A80314000BDC24 /* WeatherViewController.storyboard in Resources */ = {isa = PBXBuildFile; fileRef = 32F2C3EE26A80314000BDC24 /* WeatherViewController.storyboard */; };
		32F2C3F226A8044A000BDC24 /* WeatherViewController.swift in Sources */ = {isa = PBXBuildFile; fileRef = 32F2C3F126A8044A000BDC24 /* WeatherViewController.swift */; };
		32F2C3F426A80472000BDC24 /* WeatherManager.swift in Sources */ = {isa = PBXBuildFile; fileRef = 32F2C3F326A80472000BDC24 /* WeatherManager.swift */; };
		32F2C3F826A8612A000BDC24 /* WeatherDataSource.swift in Sources */ = {isa = PBXBuildFile; fileRef = 32F2C3F726A8612A000BDC24 /* WeatherDataSource.swift */; };
		32F2C3FA26A86138000BDC24 /* WeatherViewModel.swift in Sources */ = {isa = PBXBuildFile; fileRef = 32F2C3F926A86138000BDC24 /* WeatherViewModel.swift */; };
		32F2C3FC26A86146000BDC24 /* ForecastViewModel.swift in Sources */ = {isa = PBXBuildFile; fileRef = 32F2C3FB26A86146000BDC24 /* ForecastViewModel.swift */; };
		32F2C40026A86244000BDC24 /* WeatherLocation.swift in Sources */ = {isa = PBXBuildFile; fileRef = 32F2C3FF26A86244000BDC24 /* WeatherLocation.swift */; };
		32F2C40226A86253000BDC24 /* WeatherCurrent.swift in Sources */ = {isa = PBXBuildFile; fileRef = 32F2C40126A86253000BDC24 /* WeatherCurrent.swift */; };
		32F2C40426A86281000BDC24 /* Weather.swift in Sources */ = {isa = PBXBuildFile; fileRef = 32F2C40326A86281000BDC24 /* Weather.swift */; };
		32F2C40626A862A1000BDC24 /* WeatherForecast.swift in Sources */ = {isa = PBXBuildFile; fileRef = 32F2C40526A862A1000BDC24 /* WeatherForecast.swift */; };
		32F2C40826A9C6D0000BDC24 /* RepeatTableViewController.storyboard in Resources */ = {isa = PBXBuildFile; fileRef = 32F2C40726A9C6CF000BDC24 /* RepeatTableViewController.storyboard */; };
		32F2C40B26AAE8DC000BDC24 /* CovidDataSource.swift in Sources */ = {isa = PBXBuildFile; fileRef = 32F2C40A26AAE8DC000BDC24 /* CovidDataSource.swift */; };
		32F2C40D26AAE8ED000BDC24 /* CovidListViewModel.swift in Sources */ = {isa = PBXBuildFile; fileRef = 32F2C40C26AAE8ED000BDC24 /* CovidListViewModel.swift */; };
		32F2C41226AAEF31000BDC24 /* CovidConfirmedTableViewCell.swift in Sources */ = {isa = PBXBuildFile; fileRef = 32F2C41026AAEF31000BDC24 /* CovidConfirmedTableViewCell.swift */; };
		32F2C41326AAEF31000BDC24 /* CovidConfirmedTableViewCell.xib in Resources */ = {isa = PBXBuildFile; fileRef = 32F2C41126AAEF31000BDC24 /* CovidConfirmedTableViewCell.xib */; };
		32F2C41826AAEF59000BDC24 /* ActiveTableViewCell.swift in Sources */ = {isa = PBXBuildFile; fileRef = 32F2C41626AAEF59000BDC24 /* ActiveTableViewCell.swift */; };
		32F2C41926AAEF59000BDC24 /* ActiveTableViewCell.xib in Resources */ = {isa = PBXBuildFile; fileRef = 32F2C41726AAEF59000BDC24 /* ActiveTableViewCell.xib */; };
		32F2C42026AAEF94000BDC24 /* DeathTableViewCell.swift in Sources */ = {isa = PBXBuildFile; fileRef = 32F2C41E26AAEF94000BDC24 /* DeathTableViewCell.swift */; };
		32F2C42126AAEF94000BDC24 /* DeathTableViewCell.xib in Resources */ = {isa = PBXBuildFile; fileRef = 32F2C41F26AAEF94000BDC24 /* DeathTableViewCell.xib */; };
		32F2C42426AAEFA1000BDC24 /* RecoveredTableViewCell.swift in Sources */ = {isa = PBXBuildFile; fileRef = 32F2C42226AAEFA1000BDC24 /* RecoveredTableViewCell.swift */; };
		32F2C42526AAEFA1000BDC24 /* RecoveredTableViewCell.xib in Resources */ = {isa = PBXBuildFile; fileRef = 32F2C42326AAEFA1000BDC24 /* RecoveredTableViewCell.xib */; };
		32F2C42826AAEFB1000BDC24 /* MortalityTableViewCell.swift in Sources */ = {isa = PBXBuildFile; fileRef = 32F2C42626AAEFB1000BDC24 /* MortalityTableViewCell.swift */; };
		32F2C42926AAEFB1000BDC24 /* MortalityTableViewCell.xib in Resources */ = {isa = PBXBuildFile; fileRef = 32F2C42726AAEFB1000BDC24 /* MortalityTableViewCell.xib */; };
		32F2C42C26AAEFC1000BDC24 /* IncidentTableViewCell.swift in Sources */ = {isa = PBXBuildFile; fileRef = 32F2C42A26AAEFC1000BDC24 /* IncidentTableViewCell.swift */; };
		32F2C42D26AAEFC1000BDC24 /* IncidentTableViewCell.xib in Resources */ = {isa = PBXBuildFile; fileRef = 32F2C42B26AAEFC1000BDC24 /* IncidentTableViewCell.xib */; };
		32F2C43126AAF52F000BDC24 /* ChartTableViewCell.swift in Sources */ = {isa = PBXBuildFile; fileRef = 32F2C42F26AAF52F000BDC24 /* ChartTableViewCell.swift */; };
		32F2C43226AAF52F000BDC24 /* ChartTableViewCell.xib in Resources */ = {isa = PBXBuildFile; fileRef = 32F2C43026AAF52F000BDC24 /* ChartTableViewCell.xib */; };
		32F2C43F26AB188D000BDC24 /* PressureCell.swift in Sources */ = {isa = PBXBuildFile; fileRef = 32F2C43D26AB188D000BDC24 /* PressureCell.swift */; };
		32F2C44026AB188D000BDC24 /* PressureCell.xib in Resources */ = {isa = PBXBuildFile; fileRef = 32F2C43E26AB188D000BDC24 /* PressureCell.xib */; };
		32F2C44326AB18A4000BDC24 /* FeelsLikeCell.swift in Sources */ = {isa = PBXBuildFile; fileRef = 32F2C44126AB18A4000BDC24 /* FeelsLikeCell.swift */; };
		32F2C44426AB18A4000BDC24 /* FeelsLikeCell.xib in Resources */ = {isa = PBXBuildFile; fileRef = 32F2C44226AB18A4000BDC24 /* FeelsLikeCell.xib */; };
		32F2C44726AB18B1000BDC24 /* WindCell.swift in Sources */ = {isa = PBXBuildFile; fileRef = 32F2C44526AB18B1000BDC24 /* WindCell.swift */; };
		32F2C44826AB18B1000BDC24 /* WindCell.xib in Resources */ = {isa = PBXBuildFile; fileRef = 32F2C44626AB18B1000BDC24 /* WindCell.xib */; };
		32F2C44B26AB18C3000BDC24 /* ChanceofRainCell.swift in Sources */ = {isa = PBXBuildFile; fileRef = 32F2C44926AB18C3000BDC24 /* ChanceofRainCell.swift */; };
		32F2C44C26AB18C3000BDC24 /* ChanceofRainCell.xib in Resources */ = {isa = PBXBuildFile; fileRef = 32F2C44A26AB18C3000BDC24 /* ChanceofRainCell.xib */; };
		32F2C44F26AB18D8000BDC24 /* HumidityCell.swift in Sources */ = {isa = PBXBuildFile; fileRef = 32F2C44D26AB18D8000BDC24 /* HumidityCell.swift */; };
		32F2C45026AB18D8000BDC24 /* HumidityCell.xib in Resources */ = {isa = PBXBuildFile; fileRef = 32F2C44E26AB18D8000BDC24 /* HumidityCell.xib */; };
		32F2C45326AB18E6000BDC24 /* SunsetCell.swift in Sources */ = {isa = PBXBuildFile; fileRef = 32F2C45126AB18E6000BDC24 /* SunsetCell.swift */; };
		32F2C45426AB18E6000BDC24 /* SunsetCell.xib in Resources */ = {isa = PBXBuildFile; fileRef = 32F2C45226AB18E6000BDC24 /* SunsetCell.xib */; };
		32F2C45726AB18F4000BDC24 /* SunriseCell.swift in Sources */ = {isa = PBXBuildFile; fileRef = 32F2C45526AB18F4000BDC24 /* SunriseCell.swift */; };
		32F2C45826AB18F4000BDC24 /* SunriseCell.xib in Resources */ = {isa = PBXBuildFile; fileRef = 32F2C45626AB18F4000BDC24 /* SunriseCell.xib */; };
		32F2C45B26AB1904000BDC24 /* WeeklyCell.swift in Sources */ = {isa = PBXBuildFile; fileRef = 32F2C45926AB1904000BDC24 /* WeeklyCell.swift */; };
		32F2C45C26AB1904000BDC24 /* WeeklyCell.xib in Resources */ = {isa = PBXBuildFile; fileRef = 32F2C45A26AB1904000BDC24 /* WeeklyCell.xib */; };
		32F2C45F26AB1911000BDC24 /* HourlyCell.swift in Sources */ = {isa = PBXBuildFile; fileRef = 32F2C45D26AB1910000BDC24 /* HourlyCell.swift */; };
		32F2C46026AB1911000BDC24 /* HourlyCell.xib in Resources */ = {isa = PBXBuildFile; fileRef = 32F2C45E26AB1911000BDC24 /* HourlyCell.xib */; };
		32F2C46326AB1926000BDC24 /* MainCell.swift in Sources */ = {isa = PBXBuildFile; fileRef = 32F2C46126AB1926000BDC24 /* MainCell.swift */; };
		32F2C46426AB1926000BDC24 /* MainCell.xib in Resources */ = {isa = PBXBuildFile; fileRef = 32F2C46226AB1926000BDC24 /* MainCell.xib */; };
		32F2C46926AB41D6000BDC24 /* Kingfisher in Frameworks */ = {isa = PBXBuildFile; productRef = 32F2C46826AB41D6000BDC24 /* Kingfisher */; };
		32FC1651267206CF007C60DC /* TimerLocalNotification.swift in Sources */ = {isa = PBXBuildFile; fileRef = 32FC1650267206CF007C60DC /* TimerLocalNotification.swift */; };
		32FC165626722DC5007C60DC /* Daybreak.mp3 in Resources */ = {isa = PBXBuildFile; fileRef = 32FC165326722DC4007C60DC /* Daybreak.mp3 */; };
		32FC165726722DC5007C60DC /* EarlyRiser.mp3 in Resources */ = {isa = PBXBuildFile; fileRef = 32FC165426722DC4007C60DC /* EarlyRiser.mp3 */; };
		32FC165826722DC5007C60DC /* SlowMorning.mp3 in Resources */ = {isa = PBXBuildFile; fileRef = 32FC165526722DC5007C60DC /* SlowMorning.mp3 */; };
		32FC165E26722DD2007C60DC /* Softchime.mp3 in Resources */ = {isa = PBXBuildFile; fileRef = 32FC165926722DD1007C60DC /* Softchime.mp3 */; };
		32FC165F26722DD2007C60DC /* Happyday.mp3 in Resources */ = {isa = PBXBuildFile; fileRef = 32FC165A26722DD1007C60DC /* Happyday.mp3 */; };
		32FC166026722DD2007C60DC /* Ping2.mp3 in Resources */ = {isa = PBXBuildFile; fileRef = 32FC165B26722DD1007C60DC /* Ping2.mp3 */; };
		32FC166126722DD2007C60DC /* Auratone.mp3 in Resources */ = {isa = PBXBuildFile; fileRef = 32FC165C26722DD1007C60DC /* Auratone.mp3 */; };
		32FC166226722DD2007C60DC /* Ping1.mp3 in Resources */ = {isa = PBXBuildFile; fileRef = 32FC165D26722DD1007C60DC /* Ping1.mp3 */; };
		32FC166726722DE2007C60DC /* 613.mp3 in Resources */ = {isa = PBXBuildFile; fileRef = 32FC166326722DE2007C60DC /* 613.mp3 */; };
		32FC166826722DE2007C60DC /* Saying.mp3 in Resources */ = {isa = PBXBuildFile; fileRef = 32FC166426722DE2007C60DC /* Saying.mp3 */; };
		32FC166926722DE2007C60DC /* Inflicted.mp3 in Resources */ = {isa = PBXBuildFile; fileRef = 32FC166526722DE2007C60DC /* Inflicted.mp3 */; };
		32FC166A26722DE2007C60DC /* Pristine.mp3 in Resources */ = {isa = PBXBuildFile; fileRef = 32FC166626722DE2007C60DC /* Pristine.mp3 */; };
		32FC166D26722F6C007C60DC /* SecondTimerViewController.swift in Sources */ = {isa = PBXBuildFile; fileRef = 32FC166C26722F6C007C60DC /* SecondTimerViewController.swift */; };
		32FC166F267243B1007C60DC /* NavigationBar.swift in Sources */ = {isa = PBXBuildFile; fileRef = 32FC166E267243B1007C60DC /* NavigationBar.swift */; };
		61C2AE66942BA8E3F96E82B1 /* Pods_alarm.framework in Frameworks */ = {isa = PBXBuildFile; fileRef = 11544F95BC6C0276186EB680 /* Pods_alarm.framework */; };
/* End PBXBuildFile section */

/* Begin PBXFileReference section */
		0EBB97240345368F21630892 /* Pods-alarm.debug.xcconfig */ = {isa = PBXFileReference; includeInIndex = 1; lastKnownFileType = text.xcconfig; name = "Pods-alarm.debug.xcconfig"; path = "Target Support Files/Pods-alarm/Pods-alarm.debug.xcconfig"; sourceTree = "<group>"; };
		11544F95BC6C0276186EB680 /* Pods_alarm.framework */ = {isa = PBXFileReference; explicitFileType = wrapper.framework; includeInIndex = 0; path = Pods_alarm.framework; sourceTree = BUILT_PRODUCTS_DIR; };
		325C2406266BA1FF009E4E07 /* alarm.app */ = {isa = PBXFileReference; explicitFileType = wrapper.application; includeInIndex = 0; path = alarm.app; sourceTree = BUILT_PRODUCTS_DIR; };
		325C2409266BA1FF009E4E07 /* AppDelegate.swift */ = {isa = PBXFileReference; lastKnownFileType = sourcecode.swift; path = AppDelegate.swift; sourceTree = "<group>"; };
		325C240B266BA1FF009E4E07 /* SceneDelegate.swift */ = {isa = PBXFileReference; lastKnownFileType = sourcecode.swift; path = SceneDelegate.swift; sourceTree = "<group>"; };
		325C240D266BA1FF009E4E07 /* AlarmViewController.swift */ = {isa = PBXFileReference; lastKnownFileType = sourcecode.swift; path = AlarmViewController.swift; sourceTree = "<group>"; };
		325C2412266BA205009E4E07 /* Assets.xcassets */ = {isa = PBXFileReference; lastKnownFileType = folder.assetcatalog; path = Assets.xcassets; sourceTree = "<group>"; };
		325C2415266BA205009E4E07 /* Base */ = {isa = PBXFileReference; lastKnownFileType = file.storyboard; name = Base; path = Base.lproj/LaunchScreen.storyboard; sourceTree = "<group>"; };
		325C2417266BA205009E4E07 /* Info.plist */ = {isa = PBXFileReference; lastKnownFileType = text.plist.xml; path = Info.plist; sourceTree = "<group>"; };
		325C241E266BA287009E4E07 /* WorldClockViewController.swift */ = {isa = PBXFileReference; lastKnownFileType = sourcecode.swift; path = WorldClockViewController.swift; sourceTree = "<group>"; };
		325C2420266BA293009E4E07 /* TimerViewController.swift */ = {isa = PBXFileReference; lastKnownFileType = sourcecode.swift; path = TimerViewController.swift; sourceTree = "<group>"; };
		325C2422266BA2B0009E4E07 /* StopWatchViewController.swift */ = {isa = PBXFileReference; lastKnownFileType = sourcecode.swift; path = StopWatchViewController.swift; sourceTree = "<group>"; };
		327D6F532677A4C50090A3ED /* MainTableViewCell.swift */ = {isa = PBXFileReference; lastKnownFileType = sourcecode.swift; path = MainTableViewCell.swift; sourceTree = "<group>"; };
		327D6F542677A4C50090A3ED /* MainTableViewCell.xib */ = {isa = PBXFileReference; lastKnownFileType = file.xib; path = MainTableViewCell.xib; sourceTree = "<group>"; };
		327D6F592677C1F70090A3ED /* CountryTableViewCell.swift */ = {isa = PBXFileReference; fileEncoding = 4; lastKnownFileType = sourcecode.swift; path = CountryTableViewCell.swift; sourceTree = "<group>"; };
		327D6F5A2677C1F70090A3ED /* CountryTableViewCell.xib */ = {isa = PBXFileReference; fileEncoding = 4; lastKnownFileType = file.xib; path = CountryTableViewCell.xib; sourceTree = "<group>"; };
		32C59EEC266FB75100CA6D68 /* TimerExtension.swift */ = {isa = PBXFileReference; fileEncoding = 4; lastKnownFileType = sourcecode.swift; path = TimerExtension.swift; sourceTree = "<group>"; };
		32C59EF2266FD61D00CA6D68 /* SecondAlarmViewController.swift */ = {isa = PBXFileReference; lastKnownFileType = sourcecode.swift; path = SecondAlarmViewController.swift; sourceTree = "<group>"; };
		32D4BC2E267404F100A36F46 /* TimeTableViewCell.swift */ = {isa = PBXFileReference; lastKnownFileType = sourcecode.swift; path = TimeTableViewCell.swift; sourceTree = "<group>"; };
		32D4BC30267404FE00A36F46 /* RepeatTableViewCell.swift */ = {isa = PBXFileReference; lastKnownFileType = sourcecode.swift; path = RepeatTableViewCell.swift; sourceTree = "<group>"; };
		32D4BC322674050D00A36F46 /* LabelTableViewCell.swift */ = {isa = PBXFileReference; lastKnownFileType = sourcecode.swift; path = LabelTableViewCell.swift; sourceTree = "<group>"; };
		32D4BC342674051800A36F46 /* SoundTableViewCell.swift */ = {isa = PBXFileReference; lastKnownFileType = sourcecode.swift; path = SoundTableViewCell.swift; sourceTree = "<group>"; };
		32D4BC362674052C00A36F46 /* SnoozeTableViewCell.swift */ = {isa = PBXFileReference; lastKnownFileType = sourcecode.swift; path = SnoozeTableViewCell.swift; sourceTree = "<group>"; };
		32D4BC3F26740F0700A36F46 /* SoundTableViewCell.storyboard */ = {isa = PBXFileReference; lastKnownFileType = file.storyboard; path = SoundTableViewCell.storyboard; sourceTree = "<group>"; };
		32D4BC4126740F1500A36F46 /* LabelTableViewCell.storyboard */ = {isa = PBXFileReference; lastKnownFileType = file.storyboard; path = LabelTableViewCell.storyboard; sourceTree = "<group>"; };
		32D4BC4926740FC900A36F46 /* RepeatTableViewController.swift */ = {isa = PBXFileReference; lastKnownFileType = sourcecode.swift; path = RepeatTableViewController.swift; sourceTree = "<group>"; };
		32D4BC4B26740FE200A36F46 /* LabelTableViewController.swift */ = {isa = PBXFileReference; lastKnownFileType = sourcecode.swift; path = LabelTableViewController.swift; sourceTree = "<group>"; };
		32D4BC4D26740FF400A36F46 /* SoundTableViewController.swift */ = {isa = PBXFileReference; lastKnownFileType = sourcecode.swift; path = SoundTableViewController.swift; sourceTree = "<group>"; };
		32D4BC512674E94400A36F46 /* StopwatchTableViewCell.swift */ = {isa = PBXFileReference; lastKnownFileType = sourcecode.swift; path = StopwatchTableViewCell.swift; sourceTree = "<group>"; };
		32D4BC5426750BAD00A36F46 /* CountriesManager.swift */ = {isa = PBXFileReference; lastKnownFileType = sourcecode.swift; path = CountriesManager.swift; sourceTree = "<group>"; };
		32D4BC5726750BDF00A36F46 /* Country.swift */ = {isa = PBXFileReference; lastKnownFileType = sourcecode.swift; path = Country.swift; sourceTree = "<group>"; };
		32D4BC5E26750CC000A36F46 /* NetworkManager.swift */ = {isa = PBXFileReference; lastKnownFileType = sourcecode.swift; path = NetworkManager.swift; sourceTree = "<group>"; };
		32D4BC6026750CE400A36F46 /* UITableViewCell+Extension.swift */ = {isa = PBXFileReference; fileEncoding = 4; lastKnownFileType = sourcecode.swift; path = "UITableViewCell+Extension.swift"; sourceTree = "<group>"; };
		32D4BC6126750CE400A36F46 /* UITableView+Extensions.swift */ = {isa = PBXFileReference; fileEncoding = 4; lastKnownFileType = sourcecode.swift; path = "UITableView+Extensions.swift"; sourceTree = "<group>"; };
		32D4BC6226750CE400A36F46 /* UIColor+Extension.swift */ = {isa = PBXFileReference; fileEncoding = 4; lastKnownFileType = sourcecode.swift; path = "UIColor+Extension.swift"; sourceTree = "<group>"; };
		32D4BC6F2675101400A36F46 /* CountriesListViewModel.swift */ = {isa = PBXFileReference; fileEncoding = 4; lastKnownFileType = sourcecode.swift; path = CountriesListViewModel.swift; sourceTree = "<group>"; };
		32D4BC702675101400A36F46 /* CountryViewModel.swift */ = {isa = PBXFileReference; fileEncoding = 4; lastKnownFileType = sourcecode.swift; path = CountryViewModel.swift; sourceTree = "<group>"; };
		32D4BC712675101400A36F46 /* CountriesDataSource.swift */ = {isa = PBXFileReference; fileEncoding = 4; lastKnownFileType = sourcecode.swift; path = CountriesDataSource.swift; sourceTree = "<group>"; };
		32D4BC782676239600A36F46 /* SecondTimerViewController.storyboard */ = {isa = PBXFileReference; lastKnownFileType = file.storyboard; path = SecondTimerViewController.storyboard; sourceTree = "<group>"; };
		32E8FAAC26AF168D00C4CC6E /* HourlyCollectionCell.swift */ = {isa = PBXFileReference; lastKnownFileType = sourcecode.swift; path = HourlyCollectionCell.swift; sourceTree = "<group>"; };
		32E8FAAD26AF168D00C4CC6E /* HourlyCollectionCell.xib */ = {isa = PBXFileReference; lastKnownFileType = file.xib; path = HourlyCollectionCell.xib; sourceTree = "<group>"; };
		32F2C39426A086F7000BDC24 /* WorldClockViewController.storyboard */ = {isa = PBXFileReference; lastKnownFileType = file.storyboard; path = WorldClockViewController.storyboard; sourceTree = "<group>"; };
		32F2C39626A0879D000BDC24 /* AlarmViewController.storyboard */ = {isa = PBXFileReference; lastKnownFileType = file.storyboard; path = AlarmViewController.storyboard; sourceTree = "<group>"; };
		32F2C39826A087DE000BDC24 /* SecondAlarmViewController.storyboard */ = {isa = PBXFileReference; lastKnownFileType = file.storyboard; path = SecondAlarmViewController.storyboard; sourceTree = "<group>"; };
		32F2C39A26A08B67000BDC24 /* StopWatchViewController.storyboard */ = {isa = PBXFileReference; lastKnownFileType = file.storyboard; path = StopWatchViewController.storyboard; sourceTree = "<group>"; };
		32F2C39C26A08BD0000BDC24 /* TimerViewController.storyboard */ = {isa = PBXFileReference; lastKnownFileType = file.storyboard; path = TimerViewController.storyboard; sourceTree = "<group>"; };
		32F2C39F26A0A72E000BDC24 /* Storyboarded.swift */ = {isa = PBXFileReference; fileEncoding = 4; lastKnownFileType = sourcecode.swift; path = Storyboarded.swift; sourceTree = "<group>"; };
		32F2C3A026A0A72E000BDC24 /* AppCoordinator.swift */ = {isa = PBXFileReference; fileEncoding = 4; lastKnownFileType = sourcecode.swift; path = AppCoordinator.swift; sourceTree = "<group>"; };
		32F2C3A126A0A72E000BDC24 /* CoordinatorProtocol.swift */ = {isa = PBXFileReference; fileEncoding = 4; lastKnownFileType = sourcecode.swift; path = CoordinatorProtocol.swift; sourceTree = "<group>"; };
		32F2C3A226A0A72E000BDC24 /* CoordinatorDelegate.swift */ = {isa = PBXFileReference; fileEncoding = 4; lastKnownFileType = sourcecode.swift; path = CoordinatorDelegate.swift; sourceTree = "<group>"; };
		32F2C3A826A0A8DE000BDC24 /* BaseViewController.swift */ = {isa = PBXFileReference; lastKnownFileType = sourcecode.swift; path = BaseViewController.swift; sourceTree = "<group>"; };
		32F2C3AE26A1D911000BDC24 /* MainTabBarViewController.swift */ = {isa = PBXFileReference; lastKnownFileType = sourcecode.swift; path = MainTabBarViewController.swift; sourceTree = "<group>"; };
		32F2C3B026A1D926000BDC24 /* MainTabBarViewController.storyboard */ = {isa = PBXFileReference; lastKnownFileType = file.storyboard; path = MainTabBarViewController.storyboard; sourceTree = "<group>"; };
		32F2C3B626A3F3C0000BDC24 /* WorldClockCoordinator.swift */ = {isa = PBXFileReference; lastKnownFileType = sourcecode.swift; path = WorldClockCoordinator.swift; sourceTree = "<group>"; };
		32F2C3B826A3F46E000BDC24 /* AlarmClockCoordinator.swift */ = {isa = PBXFileReference; lastKnownFileType = sourcecode.swift; path = AlarmClockCoordinator.swift; sourceTree = "<group>"; };
		32F2C3BB26A3F4D9000BDC24 /* StopWatchCoordinator.swift */ = {isa = PBXFileReference; lastKnownFileType = sourcecode.swift; path = StopWatchCoordinator.swift; sourceTree = "<group>"; };
		32F2C3BD26A3F520000BDC24 /* TimerCoordinator.swift */ = {isa = PBXFileReference; lastKnownFileType = sourcecode.swift; path = TimerCoordinator.swift; sourceTree = "<group>"; };
		32F2C3C326A43450000BDC24 /* CovidViewController.swift */ = {isa = PBXFileReference; lastKnownFileType = sourcecode.swift; path = CovidViewController.swift; sourceTree = "<group>"; };
		32F2C3C526A4345F000BDC24 /* CovidViewController.storyboard */ = {isa = PBXFileReference; lastKnownFileType = file.storyboard; path = CovidViewController.storyboard; sourceTree = "<group>"; };
		32F2C3C926A43564000BDC24 /* Covid.swift */ = {isa = PBXFileReference; lastKnownFileType = sourcecode.swift; path = Covid.swift; sourceTree = "<group>"; };
		32F2C3CC26A4370A000BDC24 /* CovidResponse.swift */ = {isa = PBXFileReference; lastKnownFileType = sourcecode.swift; path = CovidResponse.swift; sourceTree = "<group>"; };
		32F2C3D026A43971000BDC24 /* CovidManager.swift */ = {isa = PBXFileReference; lastKnownFileType = sourcecode.swift; path = CovidManager.swift; sourceTree = "<group>"; };
		32F2C3D326A57FF6000BDC24 /* CovidViewModel.swift */ = {isa = PBXFileReference; lastKnownFileType = sourcecode.swift; path = CovidViewModel.swift; sourceTree = "<group>"; };
		32F2C3D826A5D1AA000BDC24 /* AlarmViewModel.swift */ = {isa = PBXFileReference; lastKnownFileType = sourcecode.swift; path = AlarmViewModel.swift; sourceTree = "<group>"; };
		32F2C3DA26A5D1B7000BDC24 /* AlarmDataSource.swift */ = {isa = PBXFileReference; lastKnownFileType = sourcecode.swift; path = AlarmDataSource.swift; sourceTree = "<group>"; };
		32F2C3DD26A60A4D000BDC24 /* CALayer.swift */ = {isa = PBXFileReference; lastKnownFileType = sourcecode.swift; path = CALayer.swift; sourceTree = "<group>"; };
		32F2C3DF26A60A94000BDC24 /* Variables.swift */ = {isa = PBXFileReference; lastKnownFileType = sourcecode.swift; path = Variables.swift; sourceTree = "<group>"; };
		32F2C3E126A60AB4000BDC24 /* TimeInterval+Calendar.swift */ = {isa = PBXFileReference; lastKnownFileType = sourcecode.swift; path = "TimeInterval+Calendar.swift"; sourceTree = "<group>"; };
		32F2C3E326A60AE7000BDC24 /* Vibration.swift */ = {isa = PBXFileReference; lastKnownFileType = sourcecode.swift; path = Vibration.swift; sourceTree = "<group>"; };
		32F2C3E926A73BA2000BDC24 /* CovidAttributes.swift */ = {isa = PBXFileReference; lastKnownFileType = sourcecode.swift; path = CovidAttributes.swift; sourceTree = "<group>"; };
		32F2C3EE26A80314000BDC24 /* WeatherViewController.storyboard */ = {isa = PBXFileReference; lastKnownFileType = file.storyboard; path = WeatherViewController.storyboard; sourceTree = "<group>"; };
		32F2C3F126A8044A000BDC24 /* WeatherViewController.swift */ = {isa = PBXFileReference; lastKnownFileType = sourcecode.swift; path = WeatherViewController.swift; sourceTree = "<group>"; };
		32F2C3F326A80472000BDC24 /* WeatherManager.swift */ = {isa = PBXFileReference; lastKnownFileType = sourcecode.swift; path = WeatherManager.swift; sourceTree = "<group>"; };
		32F2C3F726A8612A000BDC24 /* WeatherDataSource.swift */ = {isa = PBXFileReference; lastKnownFileType = sourcecode.swift; path = WeatherDataSource.swift; sourceTree = "<group>"; };
		32F2C3F926A86138000BDC24 /* WeatherViewModel.swift */ = {isa = PBXFileReference; lastKnownFileType = sourcecode.swift; path = WeatherViewModel.swift; sourceTree = "<group>"; };
		32F2C3FB26A86146000BDC24 /* ForecastViewModel.swift */ = {isa = PBXFileReference; lastKnownFileType = sourcecode.swift; path = ForecastViewModel.swift; sourceTree = "<group>"; };
		32F2C3FF26A86244000BDC24 /* WeatherLocation.swift */ = {isa = PBXFileReference; lastKnownFileType = sourcecode.swift; path = WeatherLocation.swift; sourceTree = "<group>"; };
		32F2C40126A86253000BDC24 /* WeatherCurrent.swift */ = {isa = PBXFileReference; lastKnownFileType = sourcecode.swift; path = WeatherCurrent.swift; sourceTree = "<group>"; };
		32F2C40326A86281000BDC24 /* Weather.swift */ = {isa = PBXFileReference; lastKnownFileType = sourcecode.swift; path = Weather.swift; sourceTree = "<group>"; };
		32F2C40526A862A1000BDC24 /* WeatherForecast.swift */ = {isa = PBXFileReference; lastKnownFileType = sourcecode.swift; path = WeatherForecast.swift; sourceTree = "<group>"; };
		32F2C40726A9C6CF000BDC24 /* RepeatTableViewController.storyboard */ = {isa = PBXFileReference; lastKnownFileType = file.storyboard; path = RepeatTableViewController.storyboard; sourceTree = "<group>"; };
		32F2C40A26AAE8DC000BDC24 /* CovidDataSource.swift */ = {isa = PBXFileReference; lastKnownFileType = sourcecode.swift; path = CovidDataSource.swift; sourceTree = "<group>"; };
		32F2C40C26AAE8ED000BDC24 /* CovidListViewModel.swift */ = {isa = PBXFileReference; lastKnownFileType = sourcecode.swift; path = CovidListViewModel.swift; sourceTree = "<group>"; };
		32F2C41026AAEF31000BDC24 /* CovidConfirmedTableViewCell.swift */ = {isa = PBXFileReference; lastKnownFileType = sourcecode.swift; path = CovidConfirmedTableViewCell.swift; sourceTree = "<group>"; };
		32F2C41126AAEF31000BDC24 /* CovidConfirmedTableViewCell.xib */ = {isa = PBXFileReference; lastKnownFileType = file.xib; path = CovidConfirmedTableViewCell.xib; sourceTree = "<group>"; };
		32F2C41626AAEF59000BDC24 /* ActiveTableViewCell.swift */ = {isa = PBXFileReference; lastKnownFileType = sourcecode.swift; path = ActiveTableViewCell.swift; sourceTree = "<group>"; };
		32F2C41726AAEF59000BDC24 /* ActiveTableViewCell.xib */ = {isa = PBXFileReference; lastKnownFileType = file.xib; path = ActiveTableViewCell.xib; sourceTree = "<group>"; };
		32F2C41E26AAEF94000BDC24 /* DeathTableViewCell.swift */ = {isa = PBXFileReference; lastKnownFileType = sourcecode.swift; path = DeathTableViewCell.swift; sourceTree = "<group>"; };
		32F2C41F26AAEF94000BDC24 /* DeathTableViewCell.xib */ = {isa = PBXFileReference; lastKnownFileType = file.xib; path = DeathTableViewCell.xib; sourceTree = "<group>"; };
		32F2C42226AAEFA1000BDC24 /* RecoveredTableViewCell.swift */ = {isa = PBXFileReference; lastKnownFileType = sourcecode.swift; path = RecoveredTableViewCell.swift; sourceTree = "<group>"; };
		32F2C42326AAEFA1000BDC24 /* RecoveredTableViewCell.xib */ = {isa = PBXFileReference; lastKnownFileType = file.xib; path = RecoveredTableViewCell.xib; sourceTree = "<group>"; };
		32F2C42626AAEFB1000BDC24 /* MortalityTableViewCell.swift */ = {isa = PBXFileReference; lastKnownFileType = sourcecode.swift; path = MortalityTableViewCell.swift; sourceTree = "<group>"; };
		32F2C42726AAEFB1000BDC24 /* MortalityTableViewCell.xib */ = {isa = PBXFileReference; lastKnownFileType = file.xib; path = MortalityTableViewCell.xib; sourceTree = "<group>"; };
		32F2C42A26AAEFC1000BDC24 /* IncidentTableViewCell.swift */ = {isa = PBXFileReference; lastKnownFileType = sourcecode.swift; path = IncidentTableViewCell.swift; sourceTree = "<group>"; };
		32F2C42B26AAEFC1000BDC24 /* IncidentTableViewCell.xib */ = {isa = PBXFileReference; lastKnownFileType = file.xib; path = IncidentTableViewCell.xib; sourceTree = "<group>"; };
		32F2C42F26AAF52F000BDC24 /* ChartTableViewCell.swift */ = {isa = PBXFileReference; lastKnownFileType = sourcecode.swift; path = ChartTableViewCell.swift; sourceTree = "<group>"; };
		32F2C43026AAF52F000BDC24 /* ChartTableViewCell.xib */ = {isa = PBXFileReference; lastKnownFileType = file.xib; path = ChartTableViewCell.xib; sourceTree = "<group>"; };
		32F2C43D26AB188D000BDC24 /* PressureCell.swift */ = {isa = PBXFileReference; lastKnownFileType = sourcecode.swift; path = PressureCell.swift; sourceTree = "<group>"; };
		32F2C43E26AB188D000BDC24 /* PressureCell.xib */ = {isa = PBXFileReference; lastKnownFileType = file.xib; path = PressureCell.xib; sourceTree = "<group>"; };
		32F2C44126AB18A4000BDC24 /* FeelsLikeCell.swift */ = {isa = PBXFileReference; lastKnownFileType = sourcecode.swift; path = FeelsLikeCell.swift; sourceTree = "<group>"; };
		32F2C44226AB18A4000BDC24 /* FeelsLikeCell.xib */ = {isa = PBXFileReference; lastKnownFileType = file.xib; path = FeelsLikeCell.xib; sourceTree = "<group>"; };
		32F2C44526AB18B1000BDC24 /* WindCell.swift */ = {isa = PBXFileReference; lastKnownFileType = sourcecode.swift; path = WindCell.swift; sourceTree = "<group>"; };
		32F2C44626AB18B1000BDC24 /* WindCell.xib */ = {isa = PBXFileReference; lastKnownFileType = file.xib; path = WindCell.xib; sourceTree = "<group>"; };
		32F2C44926AB18C3000BDC24 /* ChanceofRainCell.swift */ = {isa = PBXFileReference; lastKnownFileType = sourcecode.swift; path = ChanceofRainCell.swift; sourceTree = "<group>"; };
		32F2C44A26AB18C3000BDC24 /* ChanceofRainCell.xib */ = {isa = PBXFileReference; lastKnownFileType = file.xib; path = ChanceofRainCell.xib; sourceTree = "<group>"; };
		32F2C44D26AB18D8000BDC24 /* HumidityCell.swift */ = {isa = PBXFileReference; lastKnownFileType = sourcecode.swift; path = HumidityCell.swift; sourceTree = "<group>"; };
		32F2C44E26AB18D8000BDC24 /* HumidityCell.xib */ = {isa = PBXFileReference; lastKnownFileType = file.xib; path = HumidityCell.xib; sourceTree = "<group>"; };
		32F2C45126AB18E6000BDC24 /* SunsetCell.swift */ = {isa = PBXFileReference; lastKnownFileType = sourcecode.swift; path = SunsetCell.swift; sourceTree = "<group>"; };
		32F2C45226AB18E6000BDC24 /* SunsetCell.xib */ = {isa = PBXFileReference; lastKnownFileType = file.xib; path = SunsetCell.xib; sourceTree = "<group>"; };
		32F2C45526AB18F4000BDC24 /* SunriseCell.swift */ = {isa = PBXFileReference; lastKnownFileType = sourcecode.swift; path = SunriseCell.swift; sourceTree = "<group>"; };
		32F2C45626AB18F4000BDC24 /* SunriseCell.xib */ = {isa = PBXFileReference; lastKnownFileType = file.xib; path = SunriseCell.xib; sourceTree = "<group>"; };
		32F2C45926AB1904000BDC24 /* WeeklyCell.swift */ = {isa = PBXFileReference; lastKnownFileType = sourcecode.swift; path = WeeklyCell.swift; sourceTree = "<group>"; };
		32F2C45A26AB1904000BDC24 /* WeeklyCell.xib */ = {isa = PBXFileReference; lastKnownFileType = file.xib; path = WeeklyCell.xib; sourceTree = "<group>"; };
		32F2C45D26AB1910000BDC24 /* HourlyCell.swift */ = {isa = PBXFileReference; lastKnownFileType = sourcecode.swift; path = HourlyCell.swift; sourceTree = "<group>"; };
		32F2C45E26AB1911000BDC24 /* HourlyCell.xib */ = {isa = PBXFileReference; lastKnownFileType = file.xib; path = HourlyCell.xib; sourceTree = "<group>"; };
		32F2C46126AB1926000BDC24 /* MainCell.swift */ = {isa = PBXFileReference; lastKnownFileType = sourcecode.swift; path = MainCell.swift; sourceTree = "<group>"; };
		32F2C46226AB1926000BDC24 /* MainCell.xib */ = {isa = PBXFileReference; lastKnownFileType = file.xib; path = MainCell.xib; sourceTree = "<group>"; };
		32FC1650267206CF007C60DC /* TimerLocalNotification.swift */ = {isa = PBXFileReference; lastKnownFileType = sourcecode.swift; path = TimerLocalNotification.swift; sourceTree = "<group>"; };
		32FC165326722DC4007C60DC /* Daybreak.mp3 */ = {isa = PBXFileReference; lastKnownFileType = audio.mp3; path = Daybreak.mp3; sourceTree = "<group>"; };
		32FC165426722DC4007C60DC /* EarlyRiser.mp3 */ = {isa = PBXFileReference; lastKnownFileType = audio.mp3; path = EarlyRiser.mp3; sourceTree = "<group>"; };
		32FC165526722DC5007C60DC /* SlowMorning.mp3 */ = {isa = PBXFileReference; lastKnownFileType = audio.mp3; path = SlowMorning.mp3; sourceTree = "<group>"; };
		32FC165926722DD1007C60DC /* Softchime.mp3 */ = {isa = PBXFileReference; lastKnownFileType = audio.mp3; path = Softchime.mp3; sourceTree = "<group>"; };
		32FC165A26722DD1007C60DC /* Happyday.mp3 */ = {isa = PBXFileReference; lastKnownFileType = audio.mp3; path = Happyday.mp3; sourceTree = "<group>"; };
		32FC165B26722DD1007C60DC /* Ping2.mp3 */ = {isa = PBXFileReference; lastKnownFileType = audio.mp3; path = Ping2.mp3; sourceTree = "<group>"; };
		32FC165C26722DD1007C60DC /* Auratone.mp3 */ = {isa = PBXFileReference; lastKnownFileType = audio.mp3; path = Auratone.mp3; sourceTree = "<group>"; };
		32FC165D26722DD1007C60DC /* Ping1.mp3 */ = {isa = PBXFileReference; lastKnownFileType = audio.mp3; path = Ping1.mp3; sourceTree = "<group>"; };
		32FC166326722DE2007C60DC /* 613.mp3 */ = {isa = PBXFileReference; lastKnownFileType = audio.mp3; path = 613.mp3; sourceTree = "<group>"; };
		32FC166426722DE2007C60DC /* Saying.mp3 */ = {isa = PBXFileReference; lastKnownFileType = audio.mp3; path = Saying.mp3; sourceTree = "<group>"; };
		32FC166526722DE2007C60DC /* Inflicted.mp3 */ = {isa = PBXFileReference; lastKnownFileType = audio.mp3; path = Inflicted.mp3; sourceTree = "<group>"; };
		32FC166626722DE2007C60DC /* Pristine.mp3 */ = {isa = PBXFileReference; lastKnownFileType = audio.mp3; path = Pristine.mp3; sourceTree = "<group>"; };
		32FC166C26722F6C007C60DC /* SecondTimerViewController.swift */ = {isa = PBXFileReference; lastKnownFileType = sourcecode.swift; path = SecondTimerViewController.swift; sourceTree = "<group>"; };
		32FC166E267243B1007C60DC /* NavigationBar.swift */ = {isa = PBXFileReference; lastKnownFileType = sourcecode.swift; path = NavigationBar.swift; sourceTree = "<group>"; };
		99228EDADF91E41D63CF8276 /* Pods-alarm.release.xcconfig */ = {isa = PBXFileReference; includeInIndex = 1; lastKnownFileType = text.xcconfig; name = "Pods-alarm.release.xcconfig"; path = "Target Support Files/Pods-alarm/Pods-alarm.release.xcconfig"; sourceTree = "<group>"; };
/* End PBXFileReference section */

/* Begin PBXFrameworksBuildPhase section */
		325C2403266BA1FF009E4E07 /* Frameworks */ = {
			isa = PBXFrameworksBuildPhase;
			buildActionMask = 2147483647;
			files = (
				32F2C46926AB41D6000BDC24 /* Kingfisher in Frameworks */,
				61C2AE66942BA8E3F96E82B1 /* Pods_alarm.framework in Frameworks */,
			);
			runOnlyForDeploymentPostprocessing = 0;
		};
/* End PBXFrameworksBuildPhase section */

/* Begin PBXGroup section */
		0F9089CBD0ABA1D8AF651F85 /* Pods */ = {
			isa = PBXGroup;
			children = (
				0EBB97240345368F21630892 /* Pods-alarm.debug.xcconfig */,
				99228EDADF91E41D63CF8276 /* Pods-alarm.release.xcconfig */,
			);
			path = Pods;
			sourceTree = "<group>";
		};
		323FD769269CC4C100B91750 /* Presentation */ = {
			isa = PBXGroup;
			children = (
				323FD76A269CC4C800B91750 /* Scene */,
			);
			path = Presentation;
			sourceTree = "<group>";
		};
		323FD76A269CC4C800B91750 /* Scene */ = {
			isa = PBXGroup;
			children = (
				32F2C3C026A43421000BDC24 /* Other */,
				32F2C3BF26A4340A000BDC24 /* Main */,
			);
			path = Scene;
			sourceTree = "<group>";
		};
		325C23FD266BA1FF009E4E07 = {
			isa = PBXGroup;
			children = (
				325C2408266BA1FF009E4E07 /* alarm */,
				325C2407266BA1FF009E4E07 /* Products */,
				0F9089CBD0ABA1D8AF651F85 /* Pods */,
				CD0C63AC50BFA9B0CFDCE997 /* Frameworks */,
			);
			sourceTree = "<group>";
		};
		325C2407266BA1FF009E4E07 /* Products */ = {
			isa = PBXGroup;
			children = (
				325C2406266BA1FF009E4E07 /* alarm.app */,
			);
			name = Products;
			sourceTree = "<group>";
		};
		325C2408266BA1FF009E4E07 /* alarm */ = {
			isa = PBXGroup;
			children = (
				325C2424266BA2C7009E4E07 /* App */,
				32D4BC5926750C8700A36F46 /* Infrastructure */,
				323FD769269CC4C100B91750 /* Presentation */,
				325C2425266BA2D1009E4E07 /* Resources */,
				325C2417266BA205009E4E07 /* Info.plist */,
			);
			path = alarm;
			sourceTree = "<group>";
		};
		325C2424266BA2C7009E4E07 /* App */ = {
			isa = PBXGroup;
			children = (
				325C2409266BA1FF009E4E07 /* AppDelegate.swift */,
				325C240B266BA1FF009E4E07 /* SceneDelegate.swift */,
			);
			path = App;
			sourceTree = "<group>";
		};
		325C2425266BA2D1009E4E07 /* Resources */ = {
			isa = PBXGroup;
			children = (
				32FC165226722DB0007C60DC /* NotificationSounds */,
				32FC164D2671FCD1007C60DC /* Reusables */,
				325C2414266BA205009E4E07 /* LaunchScreen.storyboard */,
				325C2412266BA205009E4E07 /* Assets.xcassets */,
			);
			path = Resources;
			sourceTree = "<group>";
		};
		325C2428266CE93C009E4E07 /* Timer */ = {
			isa = PBXGroup;
			children = (
				32F2C3B526A3F38E000BDC24 /* TimerCoordinator */,
				32F2C3DC26A608F8000BDC24 /* View */,
			);
			path = Timer;
			sourceTree = "<group>";
		};
		325C2429266CE943009E4E07 /* StopWatch */ = {
			isa = PBXGroup;
			children = (
				32F2C3B426A3F381000BDC24 /* StopWatchCoordinator */,
				32F2C46526AB2390000BDC24 /* View */,
			);
			path = StopWatch;
			sourceTree = "<group>";
		};
		325C242A266CE94C009E4E07 /* WorldClock */ = {
			isa = PBXGroup;
			children = (
				32F2C3B226A3F363000BDC24 /* WorldClockCoordinator */,
				32D4BC6626750DB600A36F46 /* View */,
				32D4BC6826750DD200A36F46 /* ViewModel */,
			);
			path = WorldClock;
			sourceTree = "<group>";
		};
		325C242B266CE954009E4E07 /* AlarmClock */ = {
			isa = PBXGroup;
			children = (
				32F2C3B326A3F370000BDC24 /* AlarmCoordinator */,
				32F2C3D726A5D192000BDC24 /* ViewModel */,
				32F2C3D626A5D0F7000BDC24 /* View */,
			);
			path = AlarmClock;
			sourceTree = "<group>";
		};
		327D6F522677A46F0090A3ED /* MainCell */ = {
			isa = PBXGroup;
			children = (
				327D6F532677A4C50090A3ED /* MainTableViewCell.swift */,
				327D6F542677A4C50090A3ED /* MainTableViewCell.xib */,
			);
			path = MainCell;
			sourceTree = "<group>";
		};
		32C59EF1266FD5F500CA6D68 /* SecondAlarm */ = {
			isa = PBXGroup;
			children = (
				32F2C40926AAC118000BDC24 /* SecondAlarmCells */,
				32C59EF2266FD61D00CA6D68 /* SecondAlarmViewController.swift */,
				32F2C39826A087DE000BDC24 /* SecondAlarmViewController.storyboard */,
			);
			path = SecondAlarm;
			sourceTree = "<group>";
		};
		32D4BC2D267404C700A36F46 /* AlarmCells */ = {
			isa = PBXGroup;
			children = (
				327D6F522677A46F0090A3ED /* MainCell */,
			);
			path = AlarmCells;
			sourceTree = "<group>";
		};
		32D4BC3826740EA100A36F46 /* TimeCell */ = {
			isa = PBXGroup;
			children = (
				32D4BC2E267404F100A36F46 /* TimeTableViewCell.swift */,
			);
			path = TimeCell;
			sourceTree = "<group>";
		};
		32D4BC3926740EAB00A36F46 /* RepeatCell */ = {
			isa = PBXGroup;
			children = (
				32D4BC30267404FE00A36F46 /* RepeatTableViewCell.swift */,
				32D4BC4926740FC900A36F46 /* RepeatTableViewController.swift */,
				32F2C40726A9C6CF000BDC24 /* RepeatTableViewController.storyboard */,
			);
			path = RepeatCell;
			sourceTree = "<group>";
		};
		32D4BC3A26740EB400A36F46 /* LabelCell */ = {
			isa = PBXGroup;
			children = (
				32D4BC322674050D00A36F46 /* LabelTableViewCell.swift */,
				32D4BC4126740F1500A36F46 /* LabelTableViewCell.storyboard */,
				32D4BC4B26740FE200A36F46 /* LabelTableViewController.swift */,
			);
			path = LabelCell;
			sourceTree = "<group>";
		};
		32D4BC3B26740EBF00A36F46 /* SoundCell */ = {
			isa = PBXGroup;
			children = (
				32D4BC342674051800A36F46 /* SoundTableViewCell.swift */,
				32D4BC3F26740F0700A36F46 /* SoundTableViewCell.storyboard */,
				32D4BC4D26740FF400A36F46 /* SoundTableViewController.swift */,
			);
			path = SoundCell;
			sourceTree = "<group>";
		};
		32D4BC3C26740ECF00A36F46 /* SnoozeCell */ = {
			isa = PBXGroup;
			children = (
				32D4BC362674052C00A36F46 /* SnoozeTableViewCell.swift */,
			);
			path = SnoozeCell;
			sourceTree = "<group>";
		};
		32D4BC5326750B8400A36F46 /* API */ = {
			isa = PBXGroup;
			children = (
				32D4BC5426750BAD00A36F46 /* CountriesManager.swift */,
				32F2C3D026A43971000BDC24 /* CovidManager.swift */,
				32F2C3F326A80472000BDC24 /* WeatherManager.swift */,
			);
			path = API;
			sourceTree = "<group>";
		};
		32D4BC5626750BC800A36F46 /* Models */ = {
			isa = PBXGroup;
			children = (
				32F2C3CB26A436F7000BDC24 /* Responses */,
				32F2C3EB26A802F4000BDC24 /* Weather */,
				32F2C3C826A43557000BDC24 /* Covid */,
				32F2C3C726A43547000BDC24 /* Country */,
			);
			path = Models;
			sourceTree = "<group>";
		};
		32D4BC5926750C8700A36F46 /* Infrastructure */ = {
			isa = PBXGroup;
			children = (
				32F2C39E26A0A71F000BDC24 /* Coordinator */,
				32D4BC5326750B8400A36F46 /* API */,
				32D4BC5626750BC800A36F46 /* Models */,
				32D4BC5C26750CA100A36F46 /* Network */,
				32D4BC5B26750C9800A36F46 /* Extensions */,
			);
			path = Infrastructure;
			sourceTree = "<group>";
		};
		32D4BC5B26750C9800A36F46 /* Extensions */ = {
			isa = PBXGroup;
			children = (
				32D4BC6226750CE400A36F46 /* UIColor+Extension.swift */,
				32D4BC6126750CE400A36F46 /* UITableView+Extensions.swift */,
				32D4BC6026750CE400A36F46 /* UITableViewCell+Extension.swift */,
				32F2C3DD26A60A4D000BDC24 /* CALayer.swift */,
				32F2C3DF26A60A94000BDC24 /* Variables.swift */,
				32F2C3E126A60AB4000BDC24 /* TimeInterval+Calendar.swift */,
				32F2C3E326A60AE7000BDC24 /* Vibration.swift */,
			);
			path = Extensions;
			sourceTree = "<group>";
		};
		32D4BC5C26750CA100A36F46 /* Network */ = {
			isa = PBXGroup;
			children = (
				32D4BC5E26750CC000A36F46 /* NetworkManager.swift */,
			);
			path = Network;
			sourceTree = "<group>";
		};
		32D4BC6626750DB600A36F46 /* View */ = {
			isa = PBXGroup;
			children = (
				32F2C39326A086A8000BDC24 /* TableCells */,
				325C241E266BA287009E4E07 /* WorldClockViewController.swift */,
				32F2C39426A086F7000BDC24 /* WorldClockViewController.storyboard */,
			);
			path = View;
			sourceTree = "<group>";
		};
		32D4BC6826750DD200A36F46 /* ViewModel */ = {
			isa = PBXGroup;
			children = (
				32D4BC712675101400A36F46 /* CountriesDataSource.swift */,
				32D4BC6F2675101400A36F46 /* CountriesListViewModel.swift */,
				32D4BC702675101400A36F46 /* CountryViewModel.swift */,
			);
			path = ViewModel;
			sourceTree = "<group>";
		};
		32E8FAAB26AF166700C4CC6E /* CollectionCell */ = {
			isa = PBXGroup;
			children = (
				32E8FAAC26AF168D00C4CC6E /* HourlyCollectionCell.swift */,
				32E8FAAD26AF168D00C4CC6E /* HourlyCollectionCell.xib */,
			);
			path = CollectionCell;
			sourceTree = "<group>";
		};
		32F2C39326A086A8000BDC24 /* TableCells */ = {
			isa = PBXGroup;
			children = (
				327D6F592677C1F70090A3ED /* CountryTableViewCell.swift */,
				327D6F5A2677C1F70090A3ED /* CountryTableViewCell.xib */,
			);
			path = TableCells;
			sourceTree = "<group>";
		};
		32F2C39E26A0A71F000BDC24 /* Coordinator */ = {
			isa = PBXGroup;
			children = (
				32F2C3A026A0A72E000BDC24 /* AppCoordinator.swift */,
				32F2C3A226A0A72E000BDC24 /* CoordinatorDelegate.swift */,
				32F2C3A126A0A72E000BDC24 /* CoordinatorProtocol.swift */,
				32F2C39F26A0A72E000BDC24 /* Storyboarded.swift */,
			);
			path = Coordinator;
			sourceTree = "<group>";
		};
		32F2C3A726A0A8D2000BDC24 /* Base */ = {
			isa = PBXGroup;
			children = (
				32F2C3A826A0A8DE000BDC24 /* BaseViewController.swift */,
			);
			path = Base;
			sourceTree = "<group>";
		};
		32F2C3AD26A1D8F7000BDC24 /* MainTabBar */ = {
			isa = PBXGroup;
			children = (
				32F2C3AE26A1D911000BDC24 /* MainTabBarViewController.swift */,
				32F2C3B026A1D926000BDC24 /* MainTabBarViewController.storyboard */,
			);
			path = MainTabBar;
			sourceTree = "<group>";
		};
		32F2C3B226A3F363000BDC24 /* WorldClockCoordinator */ = {
			isa = PBXGroup;
			children = (
				32F2C3B626A3F3C0000BDC24 /* WorldClockCoordinator.swift */,
			);
			path = WorldClockCoordinator;
			sourceTree = "<group>";
		};
		32F2C3B326A3F370000BDC24 /* AlarmCoordinator */ = {
			isa = PBXGroup;
			children = (
				32F2C3B826A3F46E000BDC24 /* AlarmClockCoordinator.swift */,
			);
			path = AlarmCoordinator;
			sourceTree = "<group>";
		};
		32F2C3B426A3F381000BDC24 /* StopWatchCoordinator */ = {
			isa = PBXGroup;
			children = (
				32F2C3BB26A3F4D9000BDC24 /* StopWatchCoordinator.swift */,
			);
			path = StopWatchCoordinator;
			sourceTree = "<group>";
		};
		32F2C3B526A3F38E000BDC24 /* TimerCoordinator */ = {
			isa = PBXGroup;
			children = (
				32F2C3BD26A3F520000BDC24 /* TimerCoordinator.swift */,
			);
			path = TimerCoordinator;
			sourceTree = "<group>";
		};
		32F2C3BF26A4340A000BDC24 /* Main */ = {
			isa = PBXGroup;
			children = (
				32F2C3A726A0A8D2000BDC24 /* Base */,
				32F2C3AD26A1D8F7000BDC24 /* MainTabBar */,
				325C242A266CE94C009E4E07 /* WorldClock */,
				325C242B266CE954009E4E07 /* AlarmClock */,
				325C2429266CE943009E4E07 /* StopWatch */,
				325C2428266CE93C009E4E07 /* Timer */,
			);
			path = Main;
			sourceTree = "<group>";
		};
		32F2C3C026A43421000BDC24 /* Other */ = {
			isa = PBXGroup;
			children = (
				32FC166B26722F58007C60DC /* SecondTimer */,
				32C59EF1266FD5F500CA6D68 /* SecondAlarm */,
				32F2C3C226A4343C000BDC24 /* Weather */,
				32F2C3C126A43435000BDC24 /* Covid */,
			);
			path = Other;
			sourceTree = "<group>";
		};
		32F2C3C126A43435000BDC24 /* Covid */ = {
			isa = PBXGroup;
			children = (
				32F2C3D226A57FE7000BDC24 /* ViewModel */,
				32F2C40E26AAE93A000BDC24 /* View */,
			);
			path = Covid;
			sourceTree = "<group>";
		};
		32F2C3C226A4343C000BDC24 /* Weather */ = {
			isa = PBXGroup;
			children = (
				32F2C3F526A80EAD000BDC24 /* ViewModel */,
				32F2C3F026A80332000BDC24 /* View */,
			);
			path = Weather;
			sourceTree = "<group>";
		};
		32F2C3C726A43547000BDC24 /* Country */ = {
			isa = PBXGroup;
			children = (
				32D4BC5726750BDF00A36F46 /* Country.swift */,
			);
			path = Country;
			sourceTree = "<group>";
		};
		32F2C3C826A43557000BDC24 /* Covid */ = {
			isa = PBXGroup;
			children = (
				32F2C3C926A43564000BDC24 /* Covid.swift */,
			);
			path = Covid;
			sourceTree = "<group>";
		};
		32F2C3CB26A436F7000BDC24 /* Responses */ = {
			isa = PBXGroup;
			children = (
				32F2C3FE26A86178000BDC24 /* WeatherResponse */,
				32F2C3FD26A86160000BDC24 /* CovidResponse */,
			);
			path = Responses;
			sourceTree = "<group>";
		};
		32F2C3D226A57FE7000BDC24 /* ViewModel */ = {
			isa = PBXGroup;
			children = (
				32F2C40C26AAE8ED000BDC24 /* CovidListViewModel.swift */,
				32F2C3D326A57FF6000BDC24 /* CovidViewModel.swift */,
				32F2C40A26AAE8DC000BDC24 /* CovidDataSource.swift */,
			);
			path = ViewModel;
			sourceTree = "<group>";
		};
		32F2C3D626A5D0F7000BDC24 /* View */ = {
			isa = PBXGroup;
			children = (
				32D4BC2D267404C700A36F46 /* AlarmCells */,
				325C240D266BA1FF009E4E07 /* AlarmViewController.swift */,
				32F2C39626A0879D000BDC24 /* AlarmViewController.storyboard */,
			);
			path = View;
			sourceTree = "<group>";
		};
		32F2C3D726A5D192000BDC24 /* ViewModel */ = {
			isa = PBXGroup;
			children = (
				32F2C3D826A5D1AA000BDC24 /* AlarmViewModel.swift */,
				32F2C3DA26A5D1B7000BDC24 /* AlarmDataSource.swift */,
			);
			path = ViewModel;
			sourceTree = "<group>";
		};
		32F2C3DC26A608F8000BDC24 /* View */ = {
			isa = PBXGroup;
			children = (
				32FC1650267206CF007C60DC /* TimerLocalNotification.swift */,
				32C59EEC266FB75100CA6D68 /* TimerExtension.swift */,
				325C2420266BA293009E4E07 /* TimerViewController.swift */,
				32F2C39C26A08BD0000BDC24 /* TimerViewController.storyboard */,
			);
			path = View;
			sourceTree = "<group>";
		};
		32F2C3EB26A802F4000BDC24 /* Weather */ = {
			isa = PBXGroup;
			children = (
				32F2C3FF26A86244000BDC24 /* WeatherLocation.swift */,
				32F2C40126A86253000BDC24 /* WeatherCurrent.swift */,
				32F2C40526A862A1000BDC24 /* WeatherForecast.swift */,
			);
			path = Weather;
			sourceTree = "<group>";
		};
		32F2C3F026A80332000BDC24 /* View */ = {
			isa = PBXGroup;
			children = (
				32F2C3F626A85E05000BDC24 /* WeatherCell */,
				32F2C3EE26A80314000BDC24 /* WeatherViewController.storyboard */,
				32F2C3F126A8044A000BDC24 /* WeatherViewController.swift */,
			);
			path = View;
			sourceTree = "<group>";
		};
		32F2C3F526A80EAD000BDC24 /* ViewModel */ = {
			isa = PBXGroup;
			children = (
				32F2C3F726A8612A000BDC24 /* WeatherDataSource.swift */,
				32F2C3F926A86138000BDC24 /* WeatherViewModel.swift */,
				32F2C3FB26A86146000BDC24 /* ForecastViewModel.swift */,
			);
			path = ViewModel;
			sourceTree = "<group>";
		};
		32F2C3F626A85E05000BDC24 /* WeatherCell */ = {
			isa = PBXGroup;
			children = (
				32F2C43C26AB186F000BDC24 /* PressureCell */,
				32F2C43B26AB1863000BDC24 /* FeelsLikeCell */,
				32F2C43A26AB1856000BDC24 /* WindCell */,
				32F2C43926AB1841000BDC24 /* ChanceofRainCell */,
				32F2C43826AB1836000BDC24 /* HumidityCell */,
				32F2C43726AB182D000BDC24 /* SunsetCell */,
				32F2C43626AB1821000BDC24 /* SunriseCell */,
				32F2C43526AB1819000BDC24 /* WeeklyCell */,
				32F2C43426AB180F000BDC24 /* HourlyCell */,
				32F2C43326AB1805000BDC24 /* MainCell */,
			);
			path = WeatherCell;
			sourceTree = "<group>";
		};
		32F2C3FD26A86160000BDC24 /* CovidResponse */ = {
			isa = PBXGroup;
			children = (
				32F2C3CC26A4370A000BDC24 /* CovidResponse.swift */,
				32F2C3E926A73BA2000BDC24 /* CovidAttributes.swift */,
			);
			path = CovidResponse;
			sourceTree = "<group>";
		};
		32F2C3FE26A86178000BDC24 /* WeatherResponse */ = {
			isa = PBXGroup;
			children = (
				32F2C40326A86281000BDC24 /* Weather.swift */,
			);
			path = WeatherResponse;
			sourceTree = "<group>";
		};
		32F2C40926AAC118000BDC24 /* SecondAlarmCells */ = {
			isa = PBXGroup;
			children = (
				32D4BC3C26740ECF00A36F46 /* SnoozeCell */,
				32D4BC3B26740EBF00A36F46 /* SoundCell */,
				32D4BC3A26740EB400A36F46 /* LabelCell */,
				32D4BC3926740EAB00A36F46 /* RepeatCell */,
				32D4BC3826740EA100A36F46 /* TimeCell */,
			);
			path = SecondAlarmCells;
			sourceTree = "<group>";
		};
		32F2C40E26AAE93A000BDC24 /* View */ = {
			isa = PBXGroup;
			children = (
				32F2C40F26AAEE5B000BDC24 /* CovidCells */,
				32F2C3C326A43450000BDC24 /* CovidViewController.swift */,
				32F2C3C526A4345F000BDC24 /* CovidViewController.storyboard */,
			);
			path = View;
			sourceTree = "<group>";
		};
		32F2C40F26AAEE5B000BDC24 /* CovidCells */ = {
			isa = PBXGroup;
			children = (
				32F2C42E26AAF51D000BDC24 /* ChartCell */,
				32F2C41D26AAEF82000BDC24 /* IncidentCell */,
				32F2C41C26AAEF75000BDC24 /* MortalityCell */,
				32F2C41B26AAEF6F000BDC24 /* RecoveredCell */,
				32F2C41A26AAEF68000BDC24 /* DeathCell */,
				32F2C41526AAEF47000BDC24 /* ActiveCell */,
				32F2C41426AAEF36000BDC24 /* ConfirmedCell */,
			);
			path = CovidCells;
			sourceTree = "<group>";
		};
		32F2C41426AAEF36000BDC24 /* ConfirmedCell */ = {
			isa = PBXGroup;
			children = (
				32F2C41026AAEF31000BDC24 /* CovidConfirmedTableViewCell.swift */,
				32F2C41126AAEF31000BDC24 /* CovidConfirmedTableViewCell.xib */,
			);
			path = ConfirmedCell;
			sourceTree = "<group>";
		};
		32F2C41526AAEF47000BDC24 /* ActiveCell */ = {
			isa = PBXGroup;
			children = (
				32F2C41626AAEF59000BDC24 /* ActiveTableViewCell.swift */,
				32F2C41726AAEF59000BDC24 /* ActiveTableViewCell.xib */,
			);
			path = ActiveCell;
			sourceTree = "<group>";
		};
		32F2C41A26AAEF68000BDC24 /* DeathCell */ = {
			isa = PBXGroup;
			children = (
				32F2C41E26AAEF94000BDC24 /* DeathTableViewCell.swift */,
				32F2C41F26AAEF94000BDC24 /* DeathTableViewCell.xib */,
			);
			path = DeathCell;
			sourceTree = "<group>";
		};
		32F2C41B26AAEF6F000BDC24 /* RecoveredCell */ = {
			isa = PBXGroup;
			children = (
				32F2C42226AAEFA1000BDC24 /* RecoveredTableViewCell.swift */,
				32F2C42326AAEFA1000BDC24 /* RecoveredTableViewCell.xib */,
			);
			path = RecoveredCell;
			sourceTree = "<group>";
		};
		32F2C41C26AAEF75000BDC24 /* MortalityCell */ = {
			isa = PBXGroup;
			children = (
				32F2C42626AAEFB1000BDC24 /* MortalityTableViewCell.swift */,
				32F2C42726AAEFB1000BDC24 /* MortalityTableViewCell.xib */,
			);
			path = MortalityCell;
			sourceTree = "<group>";
		};
		32F2C41D26AAEF82000BDC24 /* IncidentCell */ = {
			isa = PBXGroup;
			children = (
				32F2C42A26AAEFC1000BDC24 /* IncidentTableViewCell.swift */,
				32F2C42B26AAEFC1000BDC24 /* IncidentTableViewCell.xib */,
			);
			path = IncidentCell;
			sourceTree = "<group>";
		};
		32F2C42E26AAF51D000BDC24 /* ChartCell */ = {
			isa = PBXGroup;
			children = (
				32F2C42F26AAF52F000BDC24 /* ChartTableViewCell.swift */,
				32F2C43026AAF52F000BDC24 /* ChartTableViewCell.xib */,
			);
			path = ChartCell;
			sourceTree = "<group>";
		};
		32F2C43326AB1805000BDC24 /* MainCell */ = {
			isa = PBXGroup;
			children = (
				32F2C46126AB1926000BDC24 /* MainCell.swift */,
				32F2C46226AB1926000BDC24 /* MainCell.xib */,
			);
			path = MainCell;
			sourceTree = "<group>";
		};
		32F2C43426AB180F000BDC24 /* HourlyCell */ = {
			isa = PBXGroup;
			children = (
				32E8FAAB26AF166700C4CC6E /* CollectionCell */,
				32F2C45D26AB1910000BDC24 /* HourlyCell.swift */,
				32F2C45E26AB1911000BDC24 /* HourlyCell.xib */,
			);
			path = HourlyCell;
			sourceTree = "<group>";
		};
		32F2C43526AB1819000BDC24 /* WeeklyCell */ = {
			isa = PBXGroup;
			children = (
				32F2C45926AB1904000BDC24 /* WeeklyCell.swift */,
				32F2C45A26AB1904000BDC24 /* WeeklyCell.xib */,
			);
			path = WeeklyCell;
			sourceTree = "<group>";
		};
		32F2C43626AB1821000BDC24 /* SunriseCell */ = {
			isa = PBXGroup;
			children = (
				32F2C45526AB18F4000BDC24 /* SunriseCell.swift */,
				32F2C45626AB18F4000BDC24 /* SunriseCell.xib */,
			);
			path = SunriseCell;
			sourceTree = "<group>";
		};
		32F2C43726AB182D000BDC24 /* SunsetCell */ = {
			isa = PBXGroup;
			children = (
				32F2C45126AB18E6000BDC24 /* SunsetCell.swift */,
				32F2C45226AB18E6000BDC24 /* SunsetCell.xib */,
			);
			path = SunsetCell;
			sourceTree = "<group>";
		};
		32F2C43826AB1836000BDC24 /* HumidityCell */ = {
			isa = PBXGroup;
			children = (
				32F2C44D26AB18D8000BDC24 /* HumidityCell.swift */,
				32F2C44E26AB18D8000BDC24 /* HumidityCell.xib */,
			);
			path = HumidityCell;
			sourceTree = "<group>";
		};
		32F2C43926AB1841000BDC24 /* ChanceofRainCell */ = {
			isa = PBXGroup;
			children = (
				32F2C44926AB18C3000BDC24 /* ChanceofRainCell.swift */,
				32F2C44A26AB18C3000BDC24 /* ChanceofRainCell.xib */,
			);
			path = ChanceofRainCell;
			sourceTree = "<group>";
		};
		32F2C43A26AB1856000BDC24 /* WindCell */ = {
			isa = PBXGroup;
			children = (
				32F2C44526AB18B1000BDC24 /* WindCell.swift */,
				32F2C44626AB18B1000BDC24 /* WindCell.xib */,
			);
			path = WindCell;
			sourceTree = "<group>";
		};
		32F2C43B26AB1863000BDC24 /* FeelsLikeCell */ = {
			isa = PBXGroup;
			children = (
				32F2C44126AB18A4000BDC24 /* FeelsLikeCell.swift */,
				32F2C44226AB18A4000BDC24 /* FeelsLikeCell.xib */,
			);
			name = FeelsLikeCell;
			sourceTree = "<group>";
		};
		32F2C43C26AB186F000BDC24 /* PressureCell */ = {
			isa = PBXGroup;
			children = (
				32F2C43D26AB188D000BDC24 /* PressureCell.swift */,
				32F2C43E26AB188D000BDC24 /* PressureCell.xib */,
			);
			path = PressureCell;
			sourceTree = "<group>";
		};
		32F2C46526AB2390000BDC24 /* View */ = {
			isa = PBXGroup;
			children = (
				32F2C46626AB23AD000BDC24 /* StopwatchCell */,
				325C2422266BA2B0009E4E07 /* StopWatchViewController.swift */,
				32F2C39A26A08B67000BDC24 /* StopWatchViewController.storyboard */,
			);
			path = View;
			sourceTree = "<group>";
		};
		32F2C46626AB23AD000BDC24 /* StopwatchCell */ = {
			isa = PBXGroup;
			children = (
				32D4BC512674E94400A36F46 /* StopwatchTableViewCell.swift */,
			);
			path = StopwatchCell;
			sourceTree = "<group>";
		};
		32FC164D2671FCD1007C60DC /* Reusables */ = {
			isa = PBXGroup;
			children = (
				32FC166E267243B1007C60DC /* NavigationBar.swift */,
			);
			path = Reusables;
			sourceTree = "<group>";
		};
		32FC165226722DB0007C60DC /* NotificationSounds */ = {
			isa = PBXGroup;
			children = (
				32FC165C26722DD1007C60DC /* Auratone.mp3 */,
				32FC165A26722DD1007C60DC /* Happyday.mp3 */,
				32FC165D26722DD1007C60DC /* Ping1.mp3 */,
				32FC165B26722DD1007C60DC /* Ping2.mp3 */,
				32FC165926722DD1007C60DC /* Softchime.mp3 */,
				32FC165326722DC4007C60DC /* Daybreak.mp3 */,
				32FC165426722DC4007C60DC /* EarlyRiser.mp3 */,
				32FC165526722DC5007C60DC /* SlowMorning.mp3 */,
				32FC166426722DE2007C60DC /* Saying.mp3 */,
				32FC166326722DE2007C60DC /* 613.mp3 */,
				32FC166526722DE2007C60DC /* Inflicted.mp3 */,
				32FC166626722DE2007C60DC /* Pristine.mp3 */,
			);
			path = NotificationSounds;
			sourceTree = "<group>";
		};
		32FC166B26722F58007C60DC /* SecondTimer */ = {
			isa = PBXGroup;
			children = (
				32D4BC782676239600A36F46 /* SecondTimerViewController.storyboard */,
				32FC166C26722F6C007C60DC /* SecondTimerViewController.swift */,
			);
			path = SecondTimer;
			sourceTree = "<group>";
		};
		CD0C63AC50BFA9B0CFDCE997 /* Frameworks */ = {
			isa = PBXGroup;
			children = (
				11544F95BC6C0276186EB680 /* Pods_alarm.framework */,
			);
			name = Frameworks;
			sourceTree = "<group>";
		};
/* End PBXGroup section */

/* Begin PBXNativeTarget section */
		325C2405266BA1FF009E4E07 /* alarm */ = {
			isa = PBXNativeTarget;
			buildConfigurationList = 325C241A266BA205009E4E07 /* Build configuration list for PBXNativeTarget "alarm" */;
			buildPhases = (
				85BF07A4078C33B9CB6E08F6 /* [CP] Check Pods Manifest.lock */,
				325C2402266BA1FF009E4E07 /* Sources */,
				325C2403266BA1FF009E4E07 /* Frameworks */,
				325C2404266BA1FF009E4E07 /* Resources */,
				BA9AC83015B3DC1BAFC595EA /* [CP] Embed Pods Frameworks */,
			);
			buildRules = (
			);
			dependencies = (
			);
			name = alarm;
			packageProductDependencies = (
				32F2C46826AB41D6000BDC24 /* Kingfisher */,
			);
			productName = alarm;
			productReference = 325C2406266BA1FF009E4E07 /* alarm.app */;
			productType = "com.apple.product-type.application";
		};
/* End PBXNativeTarget section */

/* Begin PBXProject section */
		325C23FE266BA1FF009E4E07 /* Project object */ = {
			isa = PBXProject;
			attributes = {
				LastSwiftUpdateCheck = 1250;
				LastUpgradeCheck = 1250;
				TargetAttributes = {
					325C2405266BA1FF009E4E07 = {
						CreatedOnToolsVersion = 12.5;
					};
				};
			};
			buildConfigurationList = 325C2401266BA1FF009E4E07 /* Build configuration list for PBXProject "alarm" */;
			compatibilityVersion = "Xcode 9.3";
			developmentRegion = en;
			hasScannedForEncodings = 0;
			knownRegions = (
				en,
				Base,
			);
			mainGroup = 325C23FD266BA1FF009E4E07;
			packageReferences = (
				32F2C46726AB41D6000BDC24 /* XCRemoteSwiftPackageReference "Kingfisher" */,
			);
			productRefGroup = 325C2407266BA1FF009E4E07 /* Products */;
			projectDirPath = "";
			projectRoot = "";
			targets = (
				325C2405266BA1FF009E4E07 /* alarm */,
			);
		};
/* End PBXProject section */

/* Begin PBXResourcesBuildPhase section */
		325C2404266BA1FF009E4E07 /* Resources */ = {
			isa = PBXResourcesBuildPhase;
			buildActionMask = 2147483647;
			files = (
				32F2C41326AAEF31000BDC24 /* CovidConfirmedTableViewCell.xib in Resources */,
				32F2C42D26AAEFC1000BDC24 /* IncidentTableViewCell.xib in Resources */,
				32F2C41926AAEF59000BDC24 /* ActiveTableViewCell.xib in Resources */,
				327D6F5C2677C1F70090A3ED /* CountryTableViewCell.xib in Resources */,
				32F2C43226AAF52F000BDC24 /* ChartTableViewCell.xib in Resources */,
				32F2C39B26A08B67000BDC24 /* StopWatchViewController.storyboard in Resources */,
				32F2C45026AB18D8000BDC24 /* HumidityCell.xib in Resources */,
				32F2C42926AAEFB1000BDC24 /* MortalityTableViewCell.xib in Resources */,
				32FC165726722DC5007C60DC /* EarlyRiser.mp3 in Resources */,
				32F2C40826A9C6D0000BDC24 /* RepeatTableViewController.storyboard in Resources */,
				32F2C46026AB1911000BDC24 /* HourlyCell.xib in Resources */,
				32D4BC4026740F0700A36F46 /* SoundTableViewCell.storyboard in Resources */,
				32F2C3EF26A80314000BDC24 /* WeatherViewController.storyboard in Resources */,
				325C2416266BA205009E4E07 /* LaunchScreen.storyboard in Resources */,
				32D4BC792676239600A36F46 /* SecondTimerViewController.storyboard in Resources */,
				32FC165F26722DD2007C60DC /* Happyday.mp3 in Resources */,
				32F2C45C26AB1904000BDC24 /* WeeklyCell.xib in Resources */,
				32F2C45826AB18F4000BDC24 /* SunriseCell.xib in Resources */,
				32E8FAAF26AF168D00C4CC6E /* HourlyCollectionCell.xib in Resources */,
				32F2C3B126A1D926000BDC24 /* MainTabBarViewController.storyboard in Resources */,
				327D6F562677A4C50090A3ED /* MainTableViewCell.xib in Resources */,
				32F2C42526AAEFA1000BDC24 /* RecoveredTableViewCell.xib in Resources */,
				32FC166726722DE2007C60DC /* 613.mp3 in Resources */,
				32F2C39526A086F7000BDC24 /* WorldClockViewController.storyboard in Resources */,
				32FC166026722DD2007C60DC /* Ping2.mp3 in Resources */,
				32FC165826722DC5007C60DC /* SlowMorning.mp3 in Resources */,
				32F2C42126AAEF94000BDC24 /* DeathTableViewCell.xib in Resources */,
				32FC165626722DC5007C60DC /* Daybreak.mp3 in Resources */,
				325C2413266BA205009E4E07 /* Assets.xcassets in Resources */,
				32F2C44426AB18A4000BDC24 /* FeelsLikeCell.xib in Resources */,
				32F2C46426AB1926000BDC24 /* MainCell.xib in Resources */,
				32F2C44C26AB18C3000BDC24 /* ChanceofRainCell.xib in Resources */,
				32F2C44826AB18B1000BDC24 /* WindCell.xib in Resources */,
				32FC165E26722DD2007C60DC /* Softchime.mp3 in Resources */,
				32D4BC4226740F1500A36F46 /* LabelTableViewCell.storyboard in Resources */,
				32F2C39926A087DE000BDC24 /* SecondAlarmViewController.storyboard in Resources */,
				32FC166226722DD2007C60DC /* Ping1.mp3 in Resources */,
				32F2C39726A0879D000BDC24 /* AlarmViewController.storyboard in Resources */,
				32F2C39D26A08BD0000BDC24 /* TimerViewController.storyboard in Resources */,
				32F2C44026AB188D000BDC24 /* PressureCell.xib in Resources */,
				32FC166926722DE2007C60DC /* Inflicted.mp3 in Resources */,
				32F2C45426AB18E6000BDC24 /* SunsetCell.xib in Resources */,
				32FC166826722DE2007C60DC /* Saying.mp3 in Resources */,
				32F2C3C626A4345F000BDC24 /* CovidViewController.storyboard in Resources */,
				32FC166126722DD2007C60DC /* Auratone.mp3 in Resources */,
				32FC166A26722DE2007C60DC /* Pristine.mp3 in Resources */,
			);
			runOnlyForDeploymentPostprocessing = 0;
		};
/* End PBXResourcesBuildPhase section */

/* Begin PBXShellScriptBuildPhase section */
		85BF07A4078C33B9CB6E08F6 /* [CP] Check Pods Manifest.lock */ = {
			isa = PBXShellScriptBuildPhase;
			buildActionMask = 2147483647;
			files = (
			);
			inputFileListPaths = (
			);
			inputPaths = (
				"${PODS_PODFILE_DIR_PATH}/Podfile.lock",
				"${PODS_ROOT}/Manifest.lock",
			);
			name = "[CP] Check Pods Manifest.lock";
			outputFileListPaths = (
			);
			outputPaths = (
				"$(DERIVED_FILE_DIR)/Pods-alarm-checkManifestLockResult.txt",
			);
			runOnlyForDeploymentPostprocessing = 0;
			shellPath = /bin/sh;
			shellScript = "diff \"${PODS_PODFILE_DIR_PATH}/Podfile.lock\" \"${PODS_ROOT}/Manifest.lock\" > /dev/null\nif [ $? != 0 ] ; then\n    # print error to STDERR\n    echo \"error: The sandbox is not in sync with the Podfile.lock. Run 'pod install' or update your CocoaPods installation.\" >&2\n    exit 1\nfi\n# This output is used by Xcode 'outputs' to avoid re-running this script phase.\necho \"SUCCESS\" > \"${SCRIPT_OUTPUT_FILE_0}\"\n";
			showEnvVarsInLog = 0;
		};
		BA9AC83015B3DC1BAFC595EA /* [CP] Embed Pods Frameworks */ = {
			isa = PBXShellScriptBuildPhase;
			buildActionMask = 2147483647;
			files = (
			);
			inputFileListPaths = (
				"${PODS_ROOT}/Target Support Files/Pods-alarm/Pods-alarm-frameworks-${CONFIGURATION}-input-files.xcfilelist",
			);
			name = "[CP] Embed Pods Frameworks";
			outputFileListPaths = (
				"${PODS_ROOT}/Target Support Files/Pods-alarm/Pods-alarm-frameworks-${CONFIGURATION}-output-files.xcfilelist",
			);
			runOnlyForDeploymentPostprocessing = 0;
			shellPath = /bin/sh;
			shellScript = "\"${PODS_ROOT}/Target Support Files/Pods-alarm/Pods-alarm-frameworks.sh\"\n";
			showEnvVarsInLog = 0;
		};
/* End PBXShellScriptBuildPhase section */

/* Begin PBXSourcesBuildPhase section */
		325C2402266BA1FF009E4E07 /* Sources */ = {
			isa = PBXSourcesBuildPhase;
			buildActionMask = 2147483647;
			files = (
				32D4BC2F267404F100A36F46 /* TimeTableViewCell.swift in Sources */,
				32F2C3F226A8044A000BDC24 /* WeatherViewController.swift in Sources */,
				32F2C40226A86253000BDC24 /* WeatherCurrent.swift in Sources */,
				32C59EF3266FD61D00CA6D68 /* SecondAlarmViewController.swift in Sources */,
				32D4BC722675101400A36F46 /* CountriesListViewModel.swift in Sources */,
				32F2C44726AB18B1000BDC24 /* WindCell.swift in Sources */,
				325C2421266BA293009E4E07 /* TimerViewController.swift in Sources */,
				325C241F266BA287009E4E07 /* WorldClockViewController.swift in Sources */,
				327D6F5B2677C1F70090A3ED /* CountryTableViewCell.swift in Sources */,
				32F2C3B726A3F3C0000BDC24 /* WorldClockCoordinator.swift in Sources */,
				327D6F552677A4C50090A3ED /* MainTableViewCell.swift in Sources */,
				325C240E266BA1FF009E4E07 /* AlarmViewController.swift in Sources */,
				32F2C43126AAF52F000BDC24 /* ChartTableViewCell.swift in Sources */,
				32F2C41226AAEF31000BDC24 /* CovidConfirmedTableViewCell.swift in Sources */,
				32F2C3B926A3F46E000BDC24 /* AlarmClockCoordinator.swift in Sources */,
				32F2C45B26AB1904000BDC24 /* WeeklyCell.swift in Sources */,
				32F2C43F26AB188D000BDC24 /* PressureCell.swift in Sources */,
				32D4BC332674050D00A36F46 /* LabelTableViewCell.swift in Sources */,
				32F2C40626A862A1000BDC24 /* WeatherForecast.swift in Sources */,
				32F2C41826AAEF59000BDC24 /* ActiveTableViewCell.swift in Sources */,
				32FC166D26722F6C007C60DC /* SecondTimerViewController.swift in Sources */,
				32F2C44326AB18A4000BDC24 /* FeelsLikeCell.swift in Sources */,
				32F2C45726AB18F4000BDC24 /* SunriseCell.swift in Sources */,
				32D4BC5826750BDF00A36F46 /* Country.swift in Sources */,
				32F2C3BC26A3F4D9000BDC24 /* StopWatchCoordinator.swift in Sources */,
				32F2C3CD26A4370A000BDC24 /* CovidResponse.swift in Sources */,
				32E8FAAE26AF168D00C4CC6E /* HourlyCollectionCell.swift in Sources */,
				32FC1651267206CF007C60DC /* TimerLocalNotification.swift in Sources */,
				32F2C3F426A80472000BDC24 /* WeatherManager.swift in Sources */,
				32F2C44F26AB18D8000BDC24 /* HumidityCell.swift in Sources */,
				32F2C3D426A57FF6000BDC24 /* CovidViewModel.swift in Sources */,
				32F2C3CA26A43564000BDC24 /* Covid.swift in Sources */,
				32F2C40426A86281000BDC24 /* Weather.swift in Sources */,
				32D4BC4C26740FE200A36F46 /* LabelTableViewController.swift in Sources */,
				32F2C3E026A60A94000BDC24 /* Variables.swift in Sources */,
				32F2C3A526A0A72E000BDC24 /* CoordinatorProtocol.swift in Sources */,
				32D4BC372674052C00A36F46 /* SnoozeTableViewCell.swift in Sources */,
				325C240A266BA1FF009E4E07 /* AppDelegate.swift in Sources */,
				32F2C40026A86244000BDC24 /* WeatherLocation.swift in Sources */,
				32D4BC6326750CE400A36F46 /* UITableViewCell+Extension.swift in Sources */,
				32F2C3E426A60AE7000BDC24 /* Vibration.swift in Sources */,
				32D4BC31267404FE00A36F46 /* RepeatTableViewCell.swift in Sources */,
				32F2C3DB26A5D1B7000BDC24 /* AlarmDataSource.swift in Sources */,
				32D4BC6426750CE400A36F46 /* UITableView+Extensions.swift in Sources */,
				32F2C42026AAEF94000BDC24 /* DeathTableViewCell.swift in Sources */,
				32D4BC732675101400A36F46 /* CountryViewModel.swift in Sources */,
				32D4BC742675101400A36F46 /* CountriesDataSource.swift in Sources */,
				32F2C45F26AB1911000BDC24 /* HourlyCell.swift in Sources */,
				32F2C3A926A0A8DE000BDC24 /* BaseViewController.swift in Sources */,
				32C59EED266FB75100CA6D68 /* TimerExtension.swift in Sources */,
				32F2C3FA26A86138000BDC24 /* WeatherViewModel.swift in Sources */,
				32D4BC5F26750CC000A36F46 /* NetworkManager.swift in Sources */,
				32F2C3A626A0A72E000BDC24 /* CoordinatorDelegate.swift in Sources */,
				32F2C42826AAEFB1000BDC24 /* MortalityTableViewCell.swift in Sources */,
				32F2C46326AB1926000BDC24 /* MainCell.swift in Sources */,
				32F2C3D926A5D1AA000BDC24 /* AlarmViewModel.swift in Sources */,
				32D4BC6526750CE400A36F46 /* UIColor+Extension.swift in Sources */,
				32F2C3A326A0A72E000BDC24 /* Storyboarded.swift in Sources */,
				32F2C3C426A43450000BDC24 /* CovidViewController.swift in Sources */,
				32F2C3E226A60AB4000BDC24 /* TimeInterval+Calendar.swift in Sources */,
				32D4BC5526750BAD00A36F46 /* CountriesManager.swift in Sources */,
				32F2C3FC26A86146000BDC24 /* ForecastViewModel.swift in Sources */,
				32F2C40D26AAE8ED000BDC24 /* CovidListViewModel.swift in Sources */,
				32F2C3A426A0A72E000BDC24 /* AppCoordinator.swift in Sources */,
				32F2C44B26AB18C3000BDC24 /* ChanceofRainCell.swift in Sources */,
				32D4BC522674E94400A36F46 /* StopwatchTableViewCell.swift in Sources */,
				32F2C40B26AAE8DC000BDC24 /* CovidDataSource.swift in Sources */,
				32F2C3DE26A60A4D000BDC24 /* CALayer.swift in Sources */,
				32F2C3F826A8612A000BDC24 /* WeatherDataSource.swift in Sources */,
				32D4BC4E26740FF400A36F46 /* SoundTableViewController.swift in Sources */,
				32F2C3AF26A1D911000BDC24 /* MainTabBarViewController.swift in Sources */,
				32F2C3EA26A73BA2000BDC24 /* CovidAttributes.swift in Sources */,
				32F2C42C26AAEFC1000BDC24 /* IncidentTableViewCell.swift in Sources */,
				32F2C3D126A43971000BDC24 /* CovidManager.swift in Sources */,
				32D4BC4A26740FC900A36F46 /* RepeatTableViewController.swift in Sources */,
				32F2C45326AB18E6000BDC24 /* SunsetCell.swift in Sources */,
				32F2C3BE26A3F520000BDC24 /* TimerCoordinator.swift in Sources */,
				32FC166F267243B1007C60DC /* NavigationBar.swift in Sources */,
				325C2423266BA2B0009E4E07 /* StopWatchViewController.swift in Sources */,
				32F2C42426AAEFA1000BDC24 /* RecoveredTableViewCell.swift in Sources */,
				325C240C266BA1FF009E4E07 /* SceneDelegate.swift in Sources */,
				32D4BC352674051800A36F46 /* SoundTableViewCell.swift in Sources */,
			);
			runOnlyForDeploymentPostprocessing = 0;
		};
/* End PBXSourcesBuildPhase section */

/* Begin PBXVariantGroup section */
		325C2414266BA205009E4E07 /* LaunchScreen.storyboard */ = {
			isa = PBXVariantGroup;
			children = (
				325C2415266BA205009E4E07 /* Base */,
			);
			name = LaunchScreen.storyboard;
			sourceTree = "<group>";
		};
/* End PBXVariantGroup section */

/* Begin XCBuildConfiguration section */
		325C2418266BA205009E4E07 /* Debug */ = {
			isa = XCBuildConfiguration;
			buildSettings = {
				ALWAYS_SEARCH_USER_PATHS = NO;
				CLANG_ANALYZER_NONNULL = YES;
				CLANG_ANALYZER_NUMBER_OBJECT_CONVERSION = YES_AGGRESSIVE;
				CLANG_CXX_LANGUAGE_STANDARD = "gnu++14";
				CLANG_CXX_LIBRARY = "libc++";
				CLANG_ENABLE_MODULES = YES;
				CLANG_ENABLE_OBJC_ARC = YES;
				CLANG_ENABLE_OBJC_WEAK = YES;
				CLANG_WARN_BLOCK_CAPTURE_AUTORELEASING = YES;
				CLANG_WARN_BOOL_CONVERSION = YES;
				CLANG_WARN_COMMA = YES;
				CLANG_WARN_CONSTANT_CONVERSION = YES;
				CLANG_WARN_DEPRECATED_OBJC_IMPLEMENTATIONS = YES;
				CLANG_WARN_DIRECT_OBJC_ISA_USAGE = YES_ERROR;
				CLANG_WARN_DOCUMENTATION_COMMENTS = YES;
				CLANG_WARN_EMPTY_BODY = YES;
				CLANG_WARN_ENUM_CONVERSION = YES;
				CLANG_WARN_INFINITE_RECURSION = YES;
				CLANG_WARN_INT_CONVERSION = YES;
				CLANG_WARN_NON_LITERAL_NULL_CONVERSION = YES;
				CLANG_WARN_OBJC_IMPLICIT_RETAIN_SELF = YES;
				CLANG_WARN_OBJC_LITERAL_CONVERSION = YES;
				CLANG_WARN_OBJC_ROOT_CLASS = YES_ERROR;
				CLANG_WARN_QUOTED_INCLUDE_IN_FRAMEWORK_HEADER = YES;
				CLANG_WARN_RANGE_LOOP_ANALYSIS = YES;
				CLANG_WARN_STRICT_PROTOTYPES = YES;
				CLANG_WARN_SUSPICIOUS_MOVE = YES;
				CLANG_WARN_UNGUARDED_AVAILABILITY = YES_AGGRESSIVE;
				CLANG_WARN_UNREACHABLE_CODE = YES;
				CLANG_WARN__DUPLICATE_METHOD_MATCH = YES;
				COPY_PHASE_STRIP = NO;
				DEBUG_INFORMATION_FORMAT = dwarf;
				ENABLE_STRICT_OBJC_MSGSEND = YES;
				ENABLE_TESTABILITY = YES;
				GCC_C_LANGUAGE_STANDARD = gnu11;
				GCC_DYNAMIC_NO_PIC = NO;
				GCC_NO_COMMON_BLOCKS = YES;
				GCC_OPTIMIZATION_LEVEL = 0;
				GCC_PREPROCESSOR_DEFINITIONS = (
					"DEBUG=1",
					"$(inherited)",
				);
				GCC_WARN_64_TO_32_BIT_CONVERSION = YES;
				GCC_WARN_ABOUT_RETURN_TYPE = YES_ERROR;
				GCC_WARN_UNDECLARED_SELECTOR = YES;
				GCC_WARN_UNINITIALIZED_AUTOS = YES_AGGRESSIVE;
				GCC_WARN_UNUSED_FUNCTION = YES;
				GCC_WARN_UNUSED_VARIABLE = YES;
				IPHONEOS_DEPLOYMENT_TARGET = 14.3;
				MTL_ENABLE_DEBUG_INFO = INCLUDE_SOURCE;
				MTL_FAST_MATH = YES;
				ONLY_ACTIVE_ARCH = YES;
				SDKROOT = iphoneos;
				SWIFT_ACTIVE_COMPILATION_CONDITIONS = DEBUG;
				SWIFT_OPTIMIZATION_LEVEL = "-Onone";
			};
			name = Debug;
		};
		325C2419266BA205009E4E07 /* Release */ = {
			isa = XCBuildConfiguration;
			buildSettings = {
				ALWAYS_SEARCH_USER_PATHS = NO;
				CLANG_ANALYZER_NONNULL = YES;
				CLANG_ANALYZER_NUMBER_OBJECT_CONVERSION = YES_AGGRESSIVE;
				CLANG_CXX_LANGUAGE_STANDARD = "gnu++14";
				CLANG_CXX_LIBRARY = "libc++";
				CLANG_ENABLE_MODULES = YES;
				CLANG_ENABLE_OBJC_ARC = YES;
				CLANG_ENABLE_OBJC_WEAK = YES;
				CLANG_WARN_BLOCK_CAPTURE_AUTORELEASING = YES;
				CLANG_WARN_BOOL_CONVERSION = YES;
				CLANG_WARN_COMMA = YES;
				CLANG_WARN_CONSTANT_CONVERSION = YES;
				CLANG_WARN_DEPRECATED_OBJC_IMPLEMENTATIONS = YES;
				CLANG_WARN_DIRECT_OBJC_ISA_USAGE = YES_ERROR;
				CLANG_WARN_DOCUMENTATION_COMMENTS = YES;
				CLANG_WARN_EMPTY_BODY = YES;
				CLANG_WARN_ENUM_CONVERSION = YES;
				CLANG_WARN_INFINITE_RECURSION = YES;
				CLANG_WARN_INT_CONVERSION = YES;
				CLANG_WARN_NON_LITERAL_NULL_CONVERSION = YES;
				CLANG_WARN_OBJC_IMPLICIT_RETAIN_SELF = YES;
				CLANG_WARN_OBJC_LITERAL_CONVERSION = YES;
				CLANG_WARN_OBJC_ROOT_CLASS = YES_ERROR;
				CLANG_WARN_QUOTED_INCLUDE_IN_FRAMEWORK_HEADER = YES;
				CLANG_WARN_RANGE_LOOP_ANALYSIS = YES;
				CLANG_WARN_STRICT_PROTOTYPES = YES;
				CLANG_WARN_SUSPICIOUS_MOVE = YES;
				CLANG_WARN_UNGUARDED_AVAILABILITY = YES_AGGRESSIVE;
				CLANG_WARN_UNREACHABLE_CODE = YES;
				CLANG_WARN__DUPLICATE_METHOD_MATCH = YES;
				COPY_PHASE_STRIP = NO;
				DEBUG_INFORMATION_FORMAT = "dwarf-with-dsym";
				ENABLE_NS_ASSERTIONS = NO;
				ENABLE_STRICT_OBJC_MSGSEND = YES;
				GCC_C_LANGUAGE_STANDARD = gnu11;
				GCC_NO_COMMON_BLOCKS = YES;
				GCC_WARN_64_TO_32_BIT_CONVERSION = YES;
				GCC_WARN_ABOUT_RETURN_TYPE = YES_ERROR;
				GCC_WARN_UNDECLARED_SELECTOR = YES;
				GCC_WARN_UNINITIALIZED_AUTOS = YES_AGGRESSIVE;
				GCC_WARN_UNUSED_FUNCTION = YES;
				GCC_WARN_UNUSED_VARIABLE = YES;
				IPHONEOS_DEPLOYMENT_TARGET = 14.3;
				MTL_ENABLE_DEBUG_INFO = NO;
				MTL_FAST_MATH = YES;
				SDKROOT = iphoneos;
				SWIFT_COMPILATION_MODE = wholemodule;
				SWIFT_OPTIMIZATION_LEVEL = "-O";
				VALIDATE_PRODUCT = YES;
			};
			name = Release;
		};
		325C241B266BA205009E4E07 /* Debug */ = {
			isa = XCBuildConfiguration;
			baseConfigurationReference = 0EBB97240345368F21630892 /* Pods-alarm.debug.xcconfig */;
			buildSettings = {
				ASSETCATALOG_COMPILER_APPICON_NAME = AppIcon;
				ASSETCATALOG_COMPILER_GLOBAL_ACCENT_COLOR_NAME = AccentColor;
				CODE_SIGN_STYLE = Automatic;
				DEVELOPMENT_TEAM = PN3BW3P27A;
				INFOPLIST_FILE = alarm/Info.plist;
				LD_RUNPATH_SEARCH_PATHS = (
					"$(inherited)",
					"@executable_path/Frameworks",
				);
				PRODUCT_BUNDLE_IDENTIFIER = tsk.alarm;
				PRODUCT_NAME = "$(TARGET_NAME)";
				SWIFT_VERSION = 5.0;
				TARGETED_DEVICE_FAMILY = "1,2";
			};
			name = Debug;
		};
		325C241C266BA205009E4E07 /* Release */ = {
			isa = XCBuildConfiguration;
			baseConfigurationReference = 99228EDADF91E41D63CF8276 /* Pods-alarm.release.xcconfig */;
			buildSettings = {
				ASSETCATALOG_COMPILER_APPICON_NAME = AppIcon;
				ASSETCATALOG_COMPILER_GLOBAL_ACCENT_COLOR_NAME = AccentColor;
				CODE_SIGN_STYLE = Automatic;
				DEVELOPMENT_TEAM = PN3BW3P27A;
				INFOPLIST_FILE = alarm/Info.plist;
				LD_RUNPATH_SEARCH_PATHS = (
					"$(inherited)",
					"@executable_path/Frameworks",
				);
				PRODUCT_BUNDLE_IDENTIFIER = tsk.alarm;
				PRODUCT_NAME = "$(TARGET_NAME)";
				SWIFT_VERSION = 5.0;
				TARGETED_DEVICE_FAMILY = "1,2";
			};
			name = Release;
		};
/* End XCBuildConfiguration section */

/* Begin XCConfigurationList section */
		325C2401266BA1FF009E4E07 /* Build configuration list for PBXProject "alarm" */ = {
			isa = XCConfigurationList;
			buildConfigurations = (
				325C2418266BA205009E4E07 /* Debug */,
				325C2419266BA205009E4E07 /* Release */,
			);
			defaultConfigurationIsVisible = 0;
			defaultConfigurationName = Release;
		};
		325C241A266BA205009E4E07 /* Build configuration list for PBXNativeTarget "alarm" */ = {
			isa = XCConfigurationList;
			buildConfigurations = (
				325C241B266BA205009E4E07 /* Debug */,
				325C241C266BA205009E4E07 /* Release */,
			);
			defaultConfigurationIsVisible = 0;
			defaultConfigurationName = Release;
		};
/* End XCConfigurationList section */

/* Begin XCRemoteSwiftPackageReference section */
		32F2C46726AB41D6000BDC24 /* XCRemoteSwiftPackageReference "Kingfisher" */ = {
			isa = XCRemoteSwiftPackageReference;
			repositoryURL = "https://github.com/onevcat/Kingfisher";
			requirement = {
				kind = upToNextMajorVersion;
				minimumVersion = 6.3.0;
			};
		};
/* End XCRemoteSwiftPackageReference section */

/* Begin XCSwiftPackageProductDependency section */
		32F2C46826AB41D6000BDC24 /* Kingfisher */ = {
			isa = XCSwiftPackageProductDependency;
			package = 32F2C46726AB41D6000BDC24 /* XCRemoteSwiftPackageReference "Kingfisher" */;
			productName = Kingfisher;
		};
/* End XCSwiftPackageProductDependency section */
	};
	rootObject = 325C23FE266BA1FF009E4E07 /* Project object */;
}
